{
  "version": 2,
  "dependencies": {
    "net8.0": {
      "Avalonia.Desktop": {
        "type": "Direct",
        "requested": "[11.1.3, )",
        "resolved": "11.1.3",
        "contentHash": "GwvshQIXyka+JUmmAtwLSRnpSJZUIxcrV0XeV3secwnbRzl6ekwFEChAxbKFjte177eA76E/SI/425AWZEL6/w==",
        "dependencies": {
          "Avalonia": "11.1.3",
          "Avalonia.Native": "11.1.3",
          "Avalonia.Skia": "11.1.3",
          "Avalonia.Win32": "11.1.3",
          "Avalonia.X11": "11.1.3"
        }
      },
      "Projektanker.Icons.Avalonia.FontAwesome": {
        "type": "Direct",
        "requested": "[9.4.0, )",
        "resolved": "9.4.0",
        "contentHash": "G7ToUd6xMFTO9bsOmmXdKCbWBZUppbMB16VGH6muKSy1essNPPRoyUtgcJul+Z2m1vutDWfRl9xgp92/EzNLiQ==",
        "dependencies": {
          "Projektanker.Icons.Avalonia": "9.4.0",
          "System.Text.Json": "8.0.3"
        }
      },
      "StyleCop.Analyzers.Unstable": {
        "type": "Direct",
        "requested": "[1.2.0.556, )",
        "resolved": "1.2.0.556",
        "contentHash": "zvn9Mqs/ox/83cpYPignI8hJEM2A93s2HkHs8HYMOAQW0PkampyoErAiIyKxgTLqbbad29HX/shv/6LGSjPJNQ=="
      },
      "Avalonia.Angle.Windows.Natives": {
        "type": "Transitive",
        "resolved": "2.1.22045.20230930",
        "contentHash": "Bo3qOhKC1b84BIhiogndMdAzB3UrrESKK7hS769f5HWeoMw/pcd42US5KFYW2JJ4ZSTrXnP8mXwLTMzh+S+9Lg=="
      },
      "Avalonia.BuildServices": {
        "type": "Transitive",
        "resolved": "0.0.29",
        "contentHash": "U4eJLQdoDNHXtEba7MZUCwrBErBTxFp6sUewXBOdAhU0Kwzwaa/EKFcYm8kpcysjzKtfB4S0S9n0uxKZFz/ikw=="
      },
      "Avalonia.Controls.ColorPicker": {
        "type": "Transitive",
        "resolved": "11.1.3",
        "contentHash": "xhFYsnGUz/9O9X0iNzpNg1S1D3D5RdeYmF7T9jgAeGme6gY76tFJCYSWozzvtTKhLLXgpj8v2bTnIxd2DBIH9w==",
        "dependencies": {
          "Avalonia": "11.1.3",
          "Avalonia.Remote.Protocol": "11.1.3"
        }
      },
      "Avalonia.FreeDesktop": {
        "type": "Transitive",
        "resolved": "11.1.3",
        "contentHash": "dK7wxP00bJwh/kaAkjqnaIMA0ugNuaCGE92bJMBTDzh6hUStzkPri76x+/m+TKeep4JGeqGkvFhB8x4PbTbUVg==",
        "dependencies": {
          "Avalonia": "11.1.3",
          "Tmds.DBus.Protocol": "0.16.0"
        }
      },
      "Avalonia.Native": {
        "type": "Transitive",
        "resolved": "11.1.3",
        "contentHash": "eIFIIri3F/C/ZaCRJQg8Mmlm/PfWeGxo4AHkhIRc6MWS8v78fTR9MbN3GCzZAp+Eo8IqMPh4FnxsAEqtoGjdMA==",
        "dependencies": {
          "Avalonia": "11.1.3"
        }
      },
      "Avalonia.Remote.Protocol": {
        "type": "Transitive",
        "resolved": "11.1.3",
        "contentHash": "ByXwboJC1jg13Qdxfs3/aX/yY4wi9n1XKT+a6+ckLnpSeesjQ0J6N1+wix7ISuGwFo0cyT0nXpvI4s2Zo+rkSA=="
      },
      "Avalonia.Skia": {
        "type": "Transitive",
        "resolved": "11.1.3",
        "contentHash": "TmRbtvZGjtS4Ir9bhzMH/7k8oH2bdgel+QzvG0mrP+7c423/BdSFqXle0mnyg6DCkwF+tbNPdnKHBqkLdssVqw==",
        "dependencies": {
          "Avalonia": "11.1.3",
          "HarfBuzzSharp": "7.3.0.2",
          "HarfBuzzSharp.NativeAssets.Linux": "7.3.0.2",
          "HarfBuzzSharp.NativeAssets.WebAssembly": "7.3.0.2",
          "SkiaSharp": "2.88.8",
          "SkiaSharp.NativeAssets.Linux": "2.88.8",
          "SkiaSharp.NativeAssets.WebAssembly": "2.88.8"
        }
      },
      "Avalonia.Themes.Simple": {
        "type": "Transitive",
        "resolved": "11.1.3",
        "contentHash": "R/bLBXRzcKiDqq6unUL9zHsPFrnJezj4hK2+6hDtmRnd+JEHizEV/aK/fotP//0WROYFz23fJqH0SG0BOlXX6w==",
        "dependencies": {
          "Avalonia": "11.1.3"
        }
      },
      "Avalonia.Win32": {
        "type": "Transitive",
        "resolved": "11.1.3",
        "contentHash": "Rls4lqr67/3vSrZz5/H9QoxuAmRWdzDMtSitLPkFLZAttZ9MfyC4gIl2gpRx5EkTYSwTfqnVD7hdg0wHPP320Q==",
        "dependencies": {
          "Avalonia": "11.1.3",
          "Avalonia.Angle.Windows.Natives": "2.1.22045.20230930",
          "System.Numerics.Vectors": "4.5.0"
        }
      },
      "Avalonia.X11": {
        "type": "Transitive",
        "resolved": "11.1.3",
        "contentHash": "aFkg6ZH2Xob/R3jjF6hWEwFudI4sRXLIxriW6OsMdnJ2V3nXqspCasf8yBltfUEfrZzjaF8524SykBWP7uuRoA==",
        "dependencies": {
          "Avalonia": "11.1.3",
          "Avalonia.FreeDesktop": "11.1.3",
          "Avalonia.Skia": "11.1.3"
        }
      },
      "ColorTextBlock.Avalonia": {
        "type": "Transitive",
        "resolved": "11.0.2",
        "contentHash": "MsWu5aAbDpstAmJ+TTSgC6Q7YdjKB7Na912GMr3oWl9ag8TH2HNpglzgo+kIAuB4C4wswKfrzhso4UcpvgMuHg==",
        "dependencies": {
          "Avalonia": "11.0.0"
        }
      },
      "DialogHost.Avalonia": {
        "type": "Transitive",
        "resolved": "0.7.7",
        "contentHash": "V5zq0e6dBeK1A8xDsyNouzfSx3d+aOhxPgjguaFyaDexgDF8WiSQDsawkv0fRGKbDnaPIqMk9m7P/2G5c7HPzw==",
        "dependencies": {
          "Avalonia": "11.0.0",
          "System.Reactive": "6.0.0"
        }
      },
      "HarfBuzzSharp": {
        "type": "Transitive",
        "resolved": "7.3.0.2",
        "contentHash": "0tCd6HyCmNsX/DniCp2b00fo0xPbdNwKOs9BxxyT8oOOuMlWjcSFwzONKyeckCKVBFEsbSmsAHPDTqxoSDwZMg==",
        "dependencies": {
          "HarfBuzzSharp.NativeAssets.Win32": "7.3.0.2",
          "HarfBuzzSharp.NativeAssets.macOS": "7.3.0.2"
        }
      },
      "HarfBuzzSharp.NativeAssets.Linux": {
        "type": "Transitive",
        "resolved": "7.3.0.2",
        "contentHash": "aKa5J1RqjXKAtdcZJp5wjC78klfBIzJHM6CneN76lFmQ9LLRJA9Oa0TkIDaV8lVLDKMAy5fCKHXFlXUK1YfL/g==",
        "dependencies": {
          "HarfBuzzSharp": "7.3.0.2"
        }
      },
      "HarfBuzzSharp.NativeAssets.macOS": {
        "type": "Transitive",
        "resolved": "7.3.0.2",
        "contentHash": "nycYH/WLJ6ogm+I+QSFCdPJsdxSb5GANWYbQyp1vsd/KjXN56RVUJWPhbgP2GKb/Y7mrsHM7EProqVXlO/EMsA=="
      },
      "HarfBuzzSharp.NativeAssets.WebAssembly": {
        "type": "Transitive",
        "resolved": "7.3.0.2",
        "contentHash": "pR6H16NOAjIhfXomYsgN5anGbOHSfIA8z0RoWEVx8vgLySxz9Jie4DnQ/paWTh5MTtBC8XKkTUI7uKMXcq/Pxw=="
      },
      "HarfBuzzSharp.NativeAssets.Win32": {
        "type": "Transitive",
        "resolved": "7.3.0.2",
        "contentHash": "DpF9JBzwws2dupOLnjME65hxQWWbN/GD40AoTkwB4S05WANvxo3n81AnQJKxWDCnrWfWhLPB36OF27TvEqzb/A=="
      },
      "Markdown.Avalonia.Tight": {
        "type": "Transitive",
        "resolved": "11.0.2",
        "contentHash": "Ylg0EkSUId42dVUFQvU7UJGWcKiJ+g7TesRe/KCzUYzlypWf1lTiVveT2j60QSldCtuAw3o/aEOEjIahMdRGig==",
        "dependencies": {
          "Avalonia": "11.0.0",
          "ColorTextBlock.Avalonia": "11.0.2"
        }
      },
      "MicroCom.Runtime": {
        "type": "Transitive",
        "resolved": "0.11.0",
        "contentHash": "MEnrZ3UIiH40hjzMDsxrTyi8dtqB5ziv3iBeeU4bXsL/7NLSal9F1lZKpK+tfBRnUoDSdtcW3KufE4yhATOMCA=="
      },
      "Microsoft.Extensions.DependencyInjection.Abstractions": {
        "type": "Transitive",
        "resolved": "8.0.1",
        "contentHash": "fGLiCRLMYd00JYpClraLjJTNKLmMJPnqxMaiRzEBIIvevlzxz33mXy39Lkd48hu1G+N21S7QpaO5ZzKsI6FRuA=="
      },
      "Projektanker.Icons.Avalonia": {
        "type": "Transitive",
        "resolved": "9.4.0",
        "contentHash": "oOd7KPJnSVZbZpsp++2ADKQGwtIHJ8Ww3sJwRKntf0NYL63slPtoxrklugnKTgkWGao1bVz35HknKLf2V0D17Q==",
        "dependencies": {
          "Avalonia": "11.0.10"
        }
      },
      "SkiaSharp": {
        "type": "Transitive",
        "resolved": "2.88.8",
        "contentHash": "bRkp3uKp5ZI8gXYQT57uKwil1uobb2p8c69n7v5evlB/2JNcMAXVcw9DZAP5Ig3WSvgzGm2YSn27UVeOi05NlA==",
        "dependencies": {
          "SkiaSharp.NativeAssets.Win32": "2.88.8",
          "SkiaSharp.NativeAssets.macOS": "2.88.8"
        }
      },
      "SkiaSharp.NativeAssets.Linux": {
        "type": "Transitive",
        "resolved": "2.88.8",
        "contentHash": "0FO6YA7paNFBMJULvEyecPmCvL9/STvOAi5VOUw2srqJ7pNTbiiZkfl7sulAzcumbWgfzaVjRXYTgMj7SoUnWQ==",
        "dependencies": {
          "SkiaSharp": "2.88.8"
        }
      },
      "SkiaSharp.NativeAssets.macOS": {
        "type": "Transitive",
        "resolved": "2.88.8",
        "contentHash": "6Kn5TSkKlfyS6azWHF3Jk2sW5C4jCE5uSshM/5AbfFrR+5n6qM5XEnz9h4VaVl7LTxBvHvMkuPb/3bpbq0vxTw=="
      },
      "SkiaSharp.NativeAssets.WebAssembly": {
        "type": "Transitive",
        "resolved": "2.88.8",
        "contentHash": "S3qRo8c+gVYOyfrdf6FYnjx/ft+gPkb4dNY2IPv5Oy5yNBhDhXhKqHFr9h4+ne6ZU+7D4dbuRQqsIqCo8u1/DA=="
      },
      "SkiaSharp.NativeAssets.Win32": {
        "type": "Transitive",
        "resolved": "2.88.8",
        "contentHash": "O9QXoWEXA+6cweR4h3BOnwMz+pO9vL9mXdjLrpDd0w1QzCgWmLQBxa1VgySDITiH7nQndrDG1h6937zm9pLj1Q=="
      },
      "System.IO.Pipelines": {
        "type": "Transitive",
        "resolved": "6.0.0",
        "contentHash": "mXX66shZ4xLlI3vNLaJ0lt8OIZdmXTvIqXRdQX5HLVGSkLhINLsVhyZuX2UdRFnOGkqnwmMUs40pIIQ7mna4+A=="
      },
      "System.Numerics.Vectors": {
        "type": "Transitive",
        "resolved": "4.5.0",
        "contentHash": "QQTlPTl06J/iiDbJCiepZ4H//BVraReU4O4EoRw1U02H5TLUIT7xn3GnDp9AXPSlJUDyFs4uWjWafNX6WrAojQ=="
      },
      "System.Text.Encodings.Web": {
        "type": "Transitive",
        "resolved": "8.0.0",
        "contentHash": "yev/k9GHAEGx2Rg3/tU6MQh4HGBXJs70y7j1LaM1i/ER9po+6nnQ6RRqTJn1E7Xu0fbIFK80Nh5EoODxrbxwBQ=="
      },
      "System.Text.Json": {
        "type": "Transitive",
        "resolved": "8.0.3",
        "contentHash": "hpagS9joOwv6efWfrMmV9MjQXpiXZH72PgN067Ysfr6AWMSD1/1hEcvh/U5mUpPLezEWsOJSuVrmqDIVD958iA==",
        "dependencies": {
          "System.Text.Encodings.Web": "8.0.0"
        }
      },
      "TestableIO.System.IO.Abstractions": {
        "type": "Transitive",
        "resolved": "21.0.29",
        "contentHash": "3TtSs2i0m0QqpAI4EzR1vZXQuHNw5grBy0rDKqMkWi6ySEZ+yhN9HACgIyEq7gDXPLrtQI18ud/OtI0qVhP8Mg=="
      },
      "TestableIO.System.IO.Abstractions.Wrappers": {
        "type": "Transitive",
        "resolved": "21.0.29",
        "contentHash": "bm1stQx3rGV2qBW2xAAvl8ODVGNVkiAkqNsE+LsKfhMamBUa07IgsgMc9X/zBHc5yfAJOqJIUArQ56DDgwGyYA==",
        "dependencies": {
          "TestableIO.System.IO.Abstractions": "21.0.29"
        }
      },
      "Tmds.DBus.Protocol": {
        "type": "Transitive",
        "resolved": "0.16.0",
        "contentHash": "9Ne9AvrRWrDQvzbMcbTz3EaGRE1vQmkeeu0Xp7Ii0Wdlhwfjst8FDRas+RBslU5kdPWs2aeMLErzyT1DwH9zeA==",
        "dependencies": {
          "System.IO.Pipelines": "6.0.0"
        }
      },
      "netczicompress": {
        "type": "Project",
        "dependencies": {
          "Avalonia": "[11.1.3, )",
          "Avalonia.Controls.DataGrid": "[11.1.3, )",
          "Avalonia.Diagnostics": "[11.1.3, )",
          "Avalonia.Fonts.Inter": "[11.1.3, )",
          "Avalonia.ReactiveUI": "[11.1.3, )",
          "Avalonia.Themes.Fluent": "[11.1.3, )",
          "MessageBox.Avalonia": "[3.1.5.1, )",
          "Microsoft.Extensions.Logging.Abstractions": "[8.0.1, )",
          "Projektanker.Icons.Avalonia.FontAwesome": "[9.4.0, )",
          "ReactiveUI.Fody": "[19.5.1, )",
          "System.IO.Abstractions": "[21.0.29, )",
          "libczicompressc": "[0.5.2, )"
        }
      },
      "Avalonia": {
        "type": "CentralTransitive",
        "requested": "[11.1.3, )",
        "resolved": "11.1.3",
        "contentHash": "kpVAnKTbg/ZVnWyYLGPYXR0Ce4uiHLT1y6BcgJYpdFfn3b0TmvbxFZV37lpc1wEjUyaU28V+DoNnRbYSLsv0nw==",
        "dependencies": {
          "Avalonia.BuildServices": "0.0.29",
          "Avalonia.Remote.Protocol": "11.1.3",
          "MicroCom.Runtime": "0.11.0"
        }
      },
      "Avalonia.Controls.DataGrid": {
        "type": "CentralTransitive",
        "requested": "[11.1.3, )",
        "resolved": "11.1.3",
        "contentHash": "Ypqjb74jzhxAYGW6DumBvJaxOsB1IB5XcXHL5KfhgkvMZ5aW3ol3q7IBwScBvkffo2wgYaVvxkwyaDEuyjlrmQ==",
        "dependencies": {
          "Avalonia": "11.1.3",
          "Avalonia.Remote.Protocol": "11.1.3"
        }
      },
      "Avalonia.Diagnostics": {
        "type": "CentralTransitive",
        "requested": "[11.1.3, )",
        "resolved": "11.1.3",
        "contentHash": "1oJQivGbnBJL2a1TpQEt5jfvdn5+iclDdRn6JzPu54oPHv48iTnulT6mlKPTe4L9JX/bUjJsxhZxcyTh6dhhqQ==",
        "dependencies": {
          "Avalonia": "11.1.3",
          "Avalonia.Controls.ColorPicker": "11.1.3",
          "Avalonia.Controls.DataGrid": "11.1.3",
          "Avalonia.Themes.Simple": "11.1.3"
        }
      },
      "Avalonia.Fonts.Inter": {
        "type": "CentralTransitive",
        "requested": "[11.1.3, )",
        "resolved": "11.1.3",
        "contentHash": "HN50EoZV/6vkPYEGOlugAeEUhzy9rgkmyiZmSCLXIX5XhfoHj5LerRjVkfttWEdjCYqDzeGq4EKOSGZDCblIUQ==",
        "dependencies": {
          "Avalonia": "11.1.3"
        }
      },
      "Avalonia.ReactiveUI": {
        "type": "CentralTransitive",
        "requested": "[11.1.3, )",
        "resolved": "11.1.3",
        "contentHash": "MJQw+16d3ipzmlgPw+tMaNEWzYfU+LXS8ewkmKOxRD7HAL1SHHmEtd9YF1hk9n8qkz1kapg1PzAJwP+ZXsY7Ig==",
        "dependencies": {
          "Avalonia": "11.1.3",
          "ReactiveUI": "18.3.1",
          "System.Reactive": "5.0.0"
        }
      },
      "Avalonia.Themes.Fluent": {
        "type": "CentralTransitive",
        "requested": "[11.1.3, )",
        "resolved": "11.1.3",
        "contentHash": "/2O9HXnnqRVGQ6VUjLLOkCNQx1/gXu69yyzUmDgS13Q0LdbGaYUYzSnPFnIBtOABuVCmdwbu+W+YI6jSwnT0uw==",
        "dependencies": {
          "Avalonia": "11.1.3"
        }
      },
      "DynamicData": {
        "type": "CentralTransitive",
        "requested": "[8.1.1, )",
        "resolved": "8.0.2",
        "contentHash": "zGKeUZcaW4Nxx8T2OyrkFnb+sIc6cnfCxQr/a/5Sm+Idg9rRJruHS8KFKVUIXNxDC0yQZYwO+22XBumMznA8sg==",
        "dependencies": {
          "System.Reactive": "6.0.0"
        }
      },
      "Fody": {
        "type": "CentralTransitive",
        "requested": "[6.8.0, )",
        "resolved": "6.8.0",
        "contentHash": "hfZ/f8Mezt8aTkgv9nsvFdYoQ809/AqwsJlOGOPYIfBcG2aAIG3v3ex9d8ZqQuFYyMoucjRg4eKy3VleeGodKQ=="
      },
      "libczicompressc": {
        "type": "CentralTransitive",
        "requested": "[0.5.2, )",
        "resolved": "0.5.2",
        "contentHash": "McWFqV8iLbslwP9M7xg69qVVxrupzJRhJ7uG2aLQ8Kf3q/babhRF0G97fwBONrJQVzU3mLW3/vGJ6urdMviwuw=="
      },
      "MessageBox.Avalonia": {
        "type": "CentralTransitive",
        "requested": "[3.1.5.1, )",
        "resolved": "3.1.5.1",
        "contentHash": "iE6AzefOgcNHwdmQoUIeuii09UsFzMJoo027dZ/oKXmIaX9C8isTejODlGsuRmWgvvgMNULXsQTaH0VknMSEnw==",
        "dependencies": {
          "Avalonia": "11.0.5",
          "DialogHost.Avalonia": "0.7.7",
          "Markdown.Avalonia.Tight": "11.0.2"
        }
      },
      "Microsoft.Extensions.Logging.Abstractions": {
        "type": "CentralTransitive",
        "requested": "[8.0.1, )",
        "resolved": "8.0.1",
        "contentHash": "RIFgaqoaINxkM2KTOw72dmilDmTrYA0ns2KW4lDz4gZ2+o6IQ894CzmdL3StM2oh7QQq44nCWiqKqc4qUI9Jmg==",
        "dependencies": {
          "Microsoft.Extensions.DependencyInjection.Abstractions": "8.0.1"
        }
      },
      "ReactiveUI": {
        "type": "CentralTransitive",
        "requested": "[19.5.1, )",
        "resolved": "19.5.1",
        "contentHash": "Ye0k68DnpS/h9BagGba2KEGsps//gcY4z7ZGr/OiWmXMJZn0z0/io4NB9tbnGFrT5sD+npo0fELJ6sambGVEFQ==",
        "dependencies": {
          "DynamicData": "8.0.2",
          "Splat": "14.7.1"
        }
      },
      "ReactiveUI.Fody": {
        "type": "CentralTransitive",
        "requested": "[19.5.1, )",
        "resolved": "19.5.1",
        "contentHash": "C5cjYVKelGPGX47T+zhykh07z9EcMhGmSYyUhEDSZ8zRBAWkon8UvSRUmyKtKnkbcaXWoszlhlfEd6CIMPRjHQ==",
        "dependencies": {
          "Fody": "6.8.0",
          "ReactiveUI": "19.5.1"
        }
      },
      "Splat": {
        "type": "CentralTransitive",
        "requested": "[14.8.6, )",
        "resolved": "14.7.1",
        "contentHash": "nWalgf4RuopEICZhMpwlFPz0MJaBYrusIbP/GxpE6x19PZnlLW4RZs84FYxlCfXLKTMsImHKHv2YoOQmM8/bPA=="
      },
      "System.IO.Abstractions": {
        "type": "CentralTransitive",
        "requested": "[21.0.29, )",
        "resolved": "21.0.29",
        "contentHash": "EqqngPcNhqjGHKYVjhfU8D/l3rj/m00VaXxuRrWjal38Kw8kqN3f63sj69b/8Q6OAeJkA/nbWsn/iwPMqCQvfg==",
        "dependencies": {
          "TestableIO.System.IO.Abstractions": "21.0.29",
          "TestableIO.System.IO.Abstractions.Wrappers": "21.0.29"
        }
      },
      "System.Reactive": {
        "type": "CentralTransitive",
        "requested": "[6.0.0, )",
        "resolved": "6.0.0",
        "contentHash": "31kfaW4ZupZzPsI5PVe77VhnvFF55qgma7KZr/E0iFTs6fmdhhG8j0mgEx620iLTey1EynOkEfnyTjtNEpJzGw=="
      }
    }
  }
}