{
  "version": 2,
  "dependencies": {
    "net8.0": {
      "Avalonia.Desktop": {
        "type": "Direct",
        "requested": "[11.2.0, )",
        "resolved": "11.2.0",
        "contentHash": "oEsuiMzsr9QCQmi+J0wYvpEySzEpqmbg1EWi5FyrXaHM1E7e8LVxgi97G2W9+kKYrm3BCRvSDGW4dYsKIb3UXg==",
        "dependencies": {
          "Avalonia": "11.2.0",
          "Avalonia.Native": "11.2.0",
          "Avalonia.Skia": "11.2.0",
          "Avalonia.Win32": "11.2.0",
          "Avalonia.X11": "11.2.0"
        }
      },
      "Projektanker.Icons.Avalonia.FontAwesome": {
        "type": "Direct",
        "requested": "[9.4.1, )",
        "resolved": "9.4.1",
        "contentHash": "PRZd7l8yi9b1/REb0HFv2bdf/b3CK/wLc+uUbN4YdSCqy/tcKPuWsuHL45QLAbGpy5Znv6DSl1cBkmPbGW9MZA==",
        "dependencies": {
          "Projektanker.Icons.Avalonia": "9.4.1",
          "System.Text.Json": "8.0.4"
        }
      },
      "StyleCop.Analyzers.Unstable": {
        "type": "Direct",
        "requested": "[1.2.0.556, )",
        "resolved": "1.2.0.556",
        "contentHash": "zvn9Mqs/ox/83cpYPignI8hJEM2A93s2HkHs8HYMOAQW0PkampyoErAiIyKxgTLqbbad29HX/shv/6LGSjPJNQ=="
      },
      "Avalonia.Angle.Windows.Natives": {
        "type": "Transitive",
        "resolved": "2.1.22045.20230930",
        "contentHash": "Bo3qOhKC1b84BIhiogndMdAzB3UrrESKK7hS769f5HWeoMw/pcd42US5KFYW2JJ4ZSTrXnP8mXwLTMzh+S+9Lg=="
      },
      "Avalonia.AvaloniaEdit": {
        "type": "Transitive",
        "resolved": "11.0.0",
        "contentHash": "VhTgyJIHgy2R1fi+5+E2T4Mjd5qE2EzSYI6mQNfLh4rF4b7Ue7yn7eZKNx0dHeD+WuI32Uw/HEZuA7fxFvhgpQ==",
        "dependencies": {
          "Avalonia": "11.0.0",
          "System.Collections.Immutable": "1.6.0"
        }
      },
      "Avalonia.BuildServices": {
        "type": "Transitive",
        "resolved": "0.0.29",
        "contentHash": "U4eJLQdoDNHXtEba7MZUCwrBErBTxFp6sUewXBOdAhU0Kwzwaa/EKFcYm8kpcysjzKtfB4S0S9n0uxKZFz/ikw=="
      },
      "Avalonia.Controls.ColorPicker": {
        "type": "Transitive",
        "resolved": "11.2.0",
        "contentHash": "sJTMhfF5j1mjgRIK4cKa8Ldg5cLI1IeFO4OVRlChiMQPTT5Mv6EURmrriCfJ7icP7opDgdAx1ogFWiLPYTjX0Q==",
        "dependencies": {
          "Avalonia": "11.2.0",
          "Avalonia.Remote.Protocol": "11.2.0"
        }
      },
      "Avalonia.FreeDesktop": {
        "type": "Transitive",
        "resolved": "11.2.0",
        "contentHash": "T1powrpZbpx8YnON3ljyNBKZnML016tYP5cxFYFTyCguPSjYGBBjI6Johq3CB50bSfftkSc5dHNQBDvnkxLFJg==",
        "dependencies": {
          "Avalonia": "11.2.0",
          "Tmds.DBus.Protocol": "0.20.0"
        }
      },
      "Avalonia.Native": {
        "type": "Transitive",
        "resolved": "11.2.0",
        "contentHash": "u1ABzlIAVsBebou9PSRT1FifvpQi6vnG0ktU1KWvwG0Vwo6BhYREamISaPGAK25qx6SkwL1S4AYuhJ3IYgYvkA==",
        "dependencies": {
          "Avalonia": "11.2.0"
        }
      },
      "Avalonia.Remote.Protocol": {
        "type": "Transitive",
        "resolved": "11.2.0",
        "contentHash": "dt/YyfLV+WG+jrqwBIthL8UOX9Jmn1AQi9P3vrXyYrWpNJREYz7mEGTwPau5jNOTN2scitJ3fbxrzPO8yoAX0A=="
      },
      "Avalonia.Skia": {
        "type": "Transitive",
        "resolved": "11.2.0",
        "contentHash": "UZEwEgEV8XzkzT0XxoLx3HglqeS1J6ieaui5Kcvtni4va6XJUhUDDwaCv6FagrUU9hF0y/VkbYbVMylEN8z2Gg==",
        "dependencies": {
          "Avalonia": "11.2.0",
          "HarfBuzzSharp": "7.3.0.2",
          "HarfBuzzSharp.NativeAssets.Linux": "7.3.0.2",
          "HarfBuzzSharp.NativeAssets.WebAssembly": "7.3.0.3-preview.2.2",
          "SkiaSharp": "2.88.8",
          "SkiaSharp.NativeAssets.Linux": "2.88.8",
          "SkiaSharp.NativeAssets.WebAssembly": "2.88.8"
        }
      },
      "Avalonia.Svg": {
        "type": "Transitive",
        "resolved": "11.0.0",
        "contentHash": "XeU63iFDQA7C7y578qaULYlTJd4ksqhEwguCFuSF76cssDijgDjo4WYj2WyzU51n8LNIJ3CmijrPN81BHY4AkQ==",
        "dependencies": {
          "Avalonia": "11.0.0",
          "Svg.Model": "1.0.0"
        }
      },
      "Avalonia.Themes.Simple": {
        "type": "Transitive",
        "resolved": "11.2.0",
        "contentHash": "1unSXWE9wexRzsxypUUT3M+5Q8QTdvsVKh+M4cWB0Ps2drfA7wWSrO9/J1h8sWxky1OYr/VwKyar9Pl4AAcTrg==",
        "dependencies": {
          "Avalonia": "11.2.0"
        }
      },
      "Avalonia.Win32": {
        "type": "Transitive",
        "resolved": "11.2.0",
        "contentHash": "XtONyBjt7VP550SRUAx++x55A9hBIYkfYsxkRmyx7x5aYV7XL6e4V5aGX7Lpy5Eqgn3IiYJ8/rX8WpFQK670nA==",
        "dependencies": {
          "Avalonia": "11.2.0",
          "Avalonia.Angle.Windows.Natives": "2.1.22045.20230930"
        }
      },
      "Avalonia.X11": {
        "type": "Transitive",
        "resolved": "11.2.0",
        "contentHash": "IKHykmTPXsyVkFINgVkYw4HRn3CcOnxdH8lwAQ9DHgDwNLiJrQT8Zys3fjblBTHCHLsQ/UjszlMSIwkgSXOmJw==",
        "dependencies": {
          "Avalonia": "11.2.0",
          "Avalonia.FreeDesktop": "11.2.0",
          "Avalonia.Skia": "11.2.0"
        }
      },
      "ColorTextBlock.Avalonia": {
        "type": "Transitive",
        "resolved": "11.0.2",
        "contentHash": "MsWu5aAbDpstAmJ+TTSgC6Q7YdjKB7Na912GMr3oWl9ag8TH2HNpglzgo+kIAuB4C4wswKfrzhso4UcpvgMuHg==",
        "dependencies": {
          "Avalonia": "11.0.0"
        }
      },
      "DialogHost.Avalonia": {
        "type": "Transitive",
        "resolved": "0.8.1",
        "contentHash": "RLBOMqjJPgSmwe0i1pzX3Q7Pn0i4xE/E1b774krd4VyEkaorz1AYMdYQHyIfuhtQv5NntZyS0MuQbxJl/PhzBg==",
        "dependencies": {
          "Avalonia": "11.1.0"
        }
      },
      "ExCSS": {
        "type": "Transitive",
        "resolved": "4.1.4",
        "contentHash": "6eMFdIazPCVfr9Gios0nCUYq3/02SewnDGvS+aCi/RWaAtoETz2fNT+H//+k0vjoDJBHXkWdVG8EkxUydxtyxA=="
      },
      "Fizzler": {
        "type": "Transitive",
        "resolved": "1.2.1",
        "contentHash": "nSudK8LeKSu7T/N/6NVZNjUniMYagfzVo8yT2XwZ9BOVbWYQH3EQ8oviuztJ7AfO8PlRDsYIWboZuzIg94hhzQ=="
      },
      "HarfBuzzSharp": {
        "type": "Transitive",
        "resolved": "7.3.0.2",
        "contentHash": "0tCd6HyCmNsX/DniCp2b00fo0xPbdNwKOs9BxxyT8oOOuMlWjcSFwzONKyeckCKVBFEsbSmsAHPDTqxoSDwZMg==",
        "dependencies": {
          "HarfBuzzSharp.NativeAssets.Win32": "7.3.0.2",
          "HarfBuzzSharp.NativeAssets.macOS": "7.3.0.2"
        }
      },
      "HarfBuzzSharp.NativeAssets.Linux": {
        "type": "Transitive",
        "resolved": "7.3.0.2",
        "contentHash": "aKa5J1RqjXKAtdcZJp5wjC78klfBIzJHM6CneN76lFmQ9LLRJA9Oa0TkIDaV8lVLDKMAy5fCKHXFlXUK1YfL/g==",
        "dependencies": {
          "HarfBuzzSharp": "7.3.0.2"
        }
      },
      "HarfBuzzSharp.NativeAssets.macOS": {
        "type": "Transitive",
        "resolved": "7.3.0.2",
        "contentHash": "nycYH/WLJ6ogm+I+QSFCdPJsdxSb5GANWYbQyp1vsd/KjXN56RVUJWPhbgP2GKb/Y7mrsHM7EProqVXlO/EMsA=="
      },
      "HarfBuzzSharp.NativeAssets.WebAssembly": {
        "type": "Transitive",
        "resolved": "7.3.0.3-preview.2.2",
        "contentHash": "Dc+dolrhmkpqwT25NfNEEgceW0//KRR2WIOvxlyIIHIIMBCn0FfUeJX5RhFll8kyaZwF8tuKsxRJtQG/rzSBog=="
      },
      "HarfBuzzSharp.NativeAssets.Win32": {
        "type": "Transitive",
        "resolved": "7.3.0.2",
        "contentHash": "DpF9JBzwws2dupOLnjME65hxQWWbN/GD40AoTkwB4S05WANvxo3n81AnQJKxWDCnrWfWhLPB36OF27TvEqzb/A=="
      },
      "HtmlAgilityPack": {
        "type": "Transitive",
        "resolved": "1.11.42",
        "contentHash": "LDc1bEfF14EY2DZzak4xvzWvbpNXK3vi1u0KQbBpLUN4+cx/VrvXhgCAMSJhSU5vz0oMfW9JZIR20vj/PkDHPA=="
      },
      "Markdown.Avalonia": {
        "type": "Transitive",
        "resolved": "11.0.2",
        "contentHash": "44NeKDwRuusHT3rNoBYZ80xioEZLue910h+rSI+kRgA5mZLAeATYcFQ4YN5fyY+kMMR+ZcS8woiOSAMYm08Qrw==",
        "dependencies": {
          "Markdown.Avalonia.Html": "11.0.2",
          "Markdown.Avalonia.Svg": "11.0.2",
          "Markdown.Avalonia.SyntaxHigh": "11.0.2",
          "Markdown.Avalonia.Tight": "11.0.2"
        }
      },
      "Markdown.Avalonia.Html": {
        "type": "Transitive",
        "resolved": "11.0.2",
        "contentHash": "e/oDOdn3SlK0qDO9ud9CqpGup9Byre9VGflqNZbhStvgQygaYVDYLCjTnzzleD4bVvgrrJD5eNq4dZm0JpvfzQ==",
        "dependencies": {
          "Avalonia": "11.0.0",
          "ColorTextBlock.Avalonia": "11.0.2",
          "HtmlAgilityPack": "1.11.42",
          "Markdown.Avalonia.SyntaxHigh": "11.0.2",
          "Markdown.Avalonia.Tight": "11.0.2"
        }
      },
      "Markdown.Avalonia.Svg": {
        "type": "Transitive",
        "resolved": "11.0.2",
        "contentHash": "TVQs0b1l1/9vKqX7B8+7OxUceVORDgTp9p+QzoPyynGEqDE9VdPUW0Z8e/Tl9cgLgtuIZYhcphb8Ypcr/egafw==",
        "dependencies": {
          "Avalonia": "11.0.0",
          "Avalonia.Svg": "11.0.0",
          "Markdown.Avalonia.Tight": "11.0.2"
        }
      },
      "Markdown.Avalonia.SyntaxHigh": {
        "type": "Transitive",
        "resolved": "11.0.2",
        "contentHash": "wbOcs07u8JUf329Ct4h5XjL0LTbB0mOi3U3ViVnC8OmnGcb8c8LLd56tdmXdahYgk4RYs9OFAibQFhhB22hdBQ==",
        "dependencies": {
          "Avalonia": "11.0.0",
          "Avalonia.AvaloniaEdit": "11.0.0"
        }
      },
      "Markdown.Avalonia.Tight": {
        "type": "Transitive",
        "resolved": "11.0.2",
        "contentHash": "Ylg0EkSUId42dVUFQvU7UJGWcKiJ+g7TesRe/KCzUYzlypWf1lTiVveT2j60QSldCtuAw3o/aEOEjIahMdRGig==",
        "dependencies": {
          "Avalonia": "11.0.0",
          "ColorTextBlock.Avalonia": "11.0.2"
        }
      },
      "MicroCom.Runtime": {
        "type": "Transitive",
        "resolved": "0.11.0",
        "contentHash": "MEnrZ3UIiH40hjzMDsxrTyi8dtqB5ziv3iBeeU4bXsL/7NLSal9F1lZKpK+tfBRnUoDSdtcW3KufE4yhATOMCA=="
      },
      "Microsoft.Extensions.DependencyInjection.Abstractions": {
        "type": "Transitive",
        "resolved": "8.0.2",
        "contentHash": "3iE7UF7MQkCv1cxzCahz+Y/guQbTqieyxyaWKhrRO91itI9cOKO76OHeQDahqG4MmW5umr3CcCvGmK92lWNlbg=="
      },
      "Microsoft.NETCore.Platforms": {
        "type": "Transitive",
        "resolved": "1.1.0",
        "contentHash": "kz0PEW2lhqygehI/d6XsPCQzD7ff7gUJaVGPVETX611eadGsA3A877GdSlU0LRVMCTH/+P3o2iDTak+S08V2+A=="
      },
      "Microsoft.NETCore.Targets": {
        "type": "Transitive",
        "resolved": "1.1.0",
        "contentHash": "aOZA3BWfz9RXjpzt0sRJJMjAscAUm3Hoa4UWAfceV9UTYxgwZ1lZt5nO2myFf+/jetYQo4uTP7zS8sJY67BBxg=="
      },
      "Projektanker.Icons.Avalonia": {
        "type": "Transitive",
        "resolved": "9.4.1",
        "contentHash": "DUlthZkFq16qCh0sL8iVujOLzx46V92oOZ9RCSulKTiuIp4fsA9MH3MJEcbwphM6jZaz6ZSBVsHpvERBKCFiBg==",
        "dependencies": {
          "Avalonia": "11.1.3"
        }
      },
      "ShimSkiaSharp": {
        "type": "Transitive",
        "resolved": "1.0.0",
        "contentHash": "aO0ERDXKTcGGkxY3V+yp+gkx/dtlyMVS5jMe2S3ajvsSHvlB3IQJHSCvOjoYJRjnf9mMXTIUL5EDKM/yqZ2E3A=="
      },
      "SkiaSharp": {
        "type": "Transitive",
        "resolved": "2.88.8",
        "contentHash": "bRkp3uKp5ZI8gXYQT57uKwil1uobb2p8c69n7v5evlB/2JNcMAXVcw9DZAP5Ig3WSvgzGm2YSn27UVeOi05NlA==",
        "dependencies": {
          "SkiaSharp.NativeAssets.Win32": "2.88.8",
          "SkiaSharp.NativeAssets.macOS": "2.88.8"
        }
      },
      "SkiaSharp.NativeAssets.Linux": {
        "type": "Transitive",
        "resolved": "2.88.8",
        "contentHash": "0FO6YA7paNFBMJULvEyecPmCvL9/STvOAi5VOUw2srqJ7pNTbiiZkfl7sulAzcumbWgfzaVjRXYTgMj7SoUnWQ==",
        "dependencies": {
          "SkiaSharp": "2.88.8"
        }
      },
      "SkiaSharp.NativeAssets.macOS": {
        "type": "Transitive",
        "resolved": "2.88.8",
        "contentHash": "6Kn5TSkKlfyS6azWHF3Jk2sW5C4jCE5uSshM/5AbfFrR+5n6qM5XEnz9h4VaVl7LTxBvHvMkuPb/3bpbq0vxTw=="
      },
      "SkiaSharp.NativeAssets.WebAssembly": {
        "type": "Transitive",
        "resolved": "2.88.8",
        "contentHash": "S3qRo8c+gVYOyfrdf6FYnjx/ft+gPkb4dNY2IPv5Oy5yNBhDhXhKqHFr9h4+ne6ZU+7D4dbuRQqsIqCo8u1/DA=="
      },
      "SkiaSharp.NativeAssets.Win32": {
        "type": "Transitive",
        "resolved": "2.88.8",
        "contentHash": "O9QXoWEXA+6cweR4h3BOnwMz+pO9vL9mXdjLrpDd0w1QzCgWmLQBxa1VgySDITiH7nQndrDG1h6937zm9pLj1Q=="
      },
      "Svg.Custom": {
        "type": "Transitive",
        "resolved": "1.0.0",
        "contentHash": "WN55shnYAO2idEBWh6yyER55F5ov1kaGxBqM2EI7fVoeJS8zyZvVadOoPz+PUu94QTIJ3dk5zFtEELSd7UeDcw==",
        "dependencies": {
          "ExCSS": "4.1.4",
          "Fizzler": "1.2.1",
          "System.Memory": "4.5.4",
          "System.ObjectModel": "4.3.0",
          "System.ValueTuple": "4.5.0"
        }
      },
      "Svg.Model": {
        "type": "Transitive",
        "resolved": "1.0.0",
        "contentHash": "XyGTU2W4GZQ8lIRI/UWI0QftNvsLjnfOA1YDhZd8CwHmLBbFqjliLajryArFy0ZetlyC13v5D/+ZoObR/NS3qA==",
        "dependencies": {
          "ShimSkiaSharp": "1.0.0",
          "Svg.Custom": "1.0.0"
        }
      },
      "System.Collections": {
        "type": "Transitive",
        "resolved": "4.3.0",
        "contentHash": "3Dcj85/TBdVpL5Zr+gEEBUuFe2icOnLalmEh9hfck1PTYbbyWuZgh4fmm2ysCLTrqLQw6t3TgTyJ+VLp+Qb+Lw==",
        "dependencies": {
          "Microsoft.NETCore.Platforms": "1.1.0",
          "Microsoft.NETCore.Targets": "1.1.0",
          "System.Runtime": "4.3.0"
        }
      },
      "System.Collections.Immutable": {
        "type": "Transitive",
        "resolved": "1.6.0",
        "contentHash": "+aL946rTSJyo4PqstwsVZ5RBfaxfkIx+nTMfpmaxzorqgifRJwndBZhXPWNWGJpys7cQ1/vCvilYN9ugM05JFA=="
      },
      "System.ComponentModel.Annotations": {
        "type": "Transitive",
        "resolved": "5.0.0",
        "contentHash": "dMkqfy2el8A8/I76n2Hi1oBFEbG1SfxD2l5nhwXV3XjlnOmwxJlQbYpJH4W51odnU9sARCSAgv7S3CyAFMkpYg=="
      },
      "System.Diagnostics.Debug": {
        "type": "Transitive",
        "resolved": "4.3.0",
        "contentHash": "ZUhUOdqmaG5Jk3Xdb8xi5kIyQYAA4PnTNlHx1mu9ZY3qv4ELIdKbnL/akbGaKi2RnNUWaZsAs31rvzFdewTj2g==",
        "dependencies": {
          "Microsoft.NETCore.Platforms": "1.1.0",
          "Microsoft.NETCore.Targets": "1.1.0",
          "System.Runtime": "4.3.0"
        }
      },
      "System.Globalization": {
        "type": "Transitive",
        "resolved": "4.3.0",
        "contentHash": "kYdVd2f2PAdFGblzFswE4hkNANJBKRmsfa2X5LG2AcWE1c7/4t0pYae1L8vfZ5xvE2nK/R9JprtToA61OSHWIg==",
        "dependencies": {
          "Microsoft.NETCore.Platforms": "1.1.0",
          "Microsoft.NETCore.Targets": "1.1.0",
          "System.Runtime": "4.3.0"
        }
      },
      "System.IO": {
        "type": "Transitive",
        "resolved": "4.3.0",
        "contentHash": "3qjaHvxQPDpSOYICjUoTsmoq5u6QJAFRUITgeT/4gqkF1bajbSmb1kwSxEA8AHlofqgcKJcM8udgieRNhaJ5Cg==",
        "dependencies": {
          "Microsoft.NETCore.Platforms": "1.1.0",
          "Microsoft.NETCore.Targets": "1.1.0",
          "System.Runtime": "4.3.0",
          "System.Text.Encoding": "4.3.0",
          "System.Threading.Tasks": "4.3.0"
        }
      },
      "System.IO.Pipelines": {
        "type": "Transitive",
        "resolved": "8.0.0",
        "contentHash": "FHNOatmUq0sqJOkTx+UF/9YK1f180cnW5FVqnQMvYUN0elp6wFzbtPSiqbo1/ru8ICp43JM1i7kKkk6GsNGHlA=="
      },
      "System.Memory": {
        "type": "Transitive",
        "resolved": "4.5.4",
        "contentHash": "1MbJTHS1lZ4bS4FmsJjnuGJOu88ZzTT2rLvrhW7Ygic+pC0NWA+3hgAen0HRdsocuQXCkUTdFn9yHJJhsijDXw=="
      },
      "System.ObjectModel": {
        "type": "Transitive",
        "resolved": "4.3.0",
        "contentHash": "bdX+80eKv9bN6K4N+d77OankKHGn6CH711a6fcOpMQu2Fckp/Ft4L/kW9WznHpyR0NRAvJutzOMHNNlBGvxQzQ==",
        "dependencies": {
          "System.Collections": "4.3.0",
          "System.Diagnostics.Debug": "4.3.0",
          "System.Resources.ResourceManager": "4.3.0",
          "System.Runtime": "4.3.0",
          "System.Threading": "4.3.0"
        }
      },
      "System.Reflection": {
        "type": "Transitive",
        "resolved": "4.3.0",
        "contentHash": "KMiAFoW7MfJGa9nDFNcfu+FpEdiHpWgTcS2HdMpDvt9saK3y/G4GwprPyzqjFH9NTaGPQeWNHU+iDlDILj96aQ==",
        "dependencies": {
          "Microsoft.NETCore.Platforms": "1.1.0",
          "Microsoft.NETCore.Targets": "1.1.0",
          "System.IO": "4.3.0",
          "System.Reflection.Primitives": "4.3.0",
          "System.Runtime": "4.3.0"
        }
      },
      "System.Reflection.Primitives": {
        "type": "Transitive",
        "resolved": "4.3.0",
        "contentHash": "5RXItQz5As4xN2/YUDxdpsEkMhvw3e6aNveFXUn4Hl/udNTCNhnKp8lT9fnc3MhvGKh1baak5CovpuQUXHAlIA==",
        "dependencies": {
          "Microsoft.NETCore.Platforms": "1.1.0",
          "Microsoft.NETCore.Targets": "1.1.0",
          "System.Runtime": "4.3.0"
        }
      },
      "System.Resources.ResourceManager": {
        "type": "Transitive",
        "resolved": "4.3.0",
        "contentHash": "/zrcPkkWdZmI4F92gL/TPumP98AVDu/Wxr3CSJGQQ+XN6wbRZcyfSKVoPo17ilb3iOr0cCRqJInGwNMolqhS8A==",
        "dependencies": {
          "Microsoft.NETCore.Platforms": "1.1.0",
          "Microsoft.NETCore.Targets": "1.1.0",
          "System.Globalization": "4.3.0",
          "System.Reflection": "4.3.0",
          "System.Runtime": "4.3.0"
        }
      },
      "System.Runtime": {
        "type": "Transitive",
        "resolved": "4.3.0",
        "contentHash": "JufQi0vPQ0xGnAczR13AUFglDyVYt4Kqnz1AZaiKZ5+GICq0/1MH/mO/eAJHt/mHW1zjKBJd7kV26SrxddAhiw==",
        "dependencies": {
          "Microsoft.NETCore.Platforms": "1.1.0",
          "Microsoft.NETCore.Targets": "1.1.0"
        }
      },
      "System.Text.Encoding": {
        "type": "Transitive",
        "resolved": "4.3.0",
        "contentHash": "BiIg+KWaSDOITze6jGQynxg64naAPtqGHBwDrLaCtixsa5bKiR8dpPOHA7ge3C0JJQizJE+sfkz1wV+BAKAYZw==",
        "dependencies": {
          "Microsoft.NETCore.Platforms": "1.1.0",
          "Microsoft.NETCore.Targets": "1.1.0",
          "System.Runtime": "4.3.0"
        }
      },
      "System.Text.Encodings.Web": {
        "type": "Transitive",
        "resolved": "8.0.0",
        "contentHash": "yev/k9GHAEGx2Rg3/tU6MQh4HGBXJs70y7j1LaM1i/ER9po+6nnQ6RRqTJn1E7Xu0fbIFK80Nh5EoODxrbxwBQ=="
      },
      "System.Text.Json": {
        "type": "Transitive",
        "resolved": "8.0.4",
        "contentHash": "bAkhgDJ88XTsqczoxEMliSrpijKZHhbJQldhAmObj/RbrN3sU5dcokuXmWJWsdQAhiMJ9bTayWsL1C9fbbCRhw==",
        "dependencies": {
          "System.Text.Encodings.Web": "8.0.0"
        }
      },
      "System.Threading": {
        "type": "Transitive",
        "resolved": "4.3.0",
        "contentHash": "VkUS0kOBcUf3Wwm0TSbrevDDZ6BlM+b/HRiapRFWjM5O0NS0LviG0glKmFK+hhPDd1XFeSdU1GmlLhb2CoVpIw==",
        "dependencies": {
          "System.Runtime": "4.3.0",
          "System.Threading.Tasks": "4.3.0"
        }
      },
      "System.Threading.Tasks": {
        "type": "Transitive",
        "resolved": "4.3.0",
        "contentHash": "LbSxKEdOUhVe8BezB/9uOGGppt+nZf6e1VFyw6v3DN6lqitm0OSn2uXMOdtP0M3W4iMcqcivm2J6UgqiwwnXiA==",
        "dependencies": {
          "Microsoft.NETCore.Platforms": "1.1.0",
          "Microsoft.NETCore.Targets": "1.1.0",
          "System.Runtime": "4.3.0"
        }
      },
      "System.ValueTuple": {
        "type": "Transitive",
        "resolved": "4.5.0",
        "contentHash": "okurQJO6NRE/apDIP23ajJ0hpiNmJ+f0BwOlB/cSqTLQlw5upkf+5+96+iG2Jw40G1fCVCyPz/FhIABUjMR+RQ=="
      },
      "TestableIO.System.IO.Abstractions": {
        "type": "Transitive",
        "resolved": "21.2.1",
        "contentHash": "47NQXrfVUF+0b8W5EMnERR7FpgWE04wuYR1s9WvlNyh1hnRMGDPOvmewBLIZUG88Rhj9buzG3VVR8sAgH7TzjA=="
      },
      "TestableIO.System.IO.Abstractions.Wrappers": {
        "type": "Transitive",
        "resolved": "21.2.1",
        "contentHash": "a0jzTAZRIic40USnf8b59EbJ6+hh/kndLV3mTxgSGBkjei/H9qjULOtk/ZHQtRD8lLaUav7ZsMZn6JiwCgDmEw==",
        "dependencies": {
          "TestableIO.System.IO.Abstractions": "21.2.1"
        }
      },
      "Tmds.DBus.Protocol": {
        "type": "Transitive",
        "resolved": "0.20.0",
        "contentHash": "2gkt2kuYPhDKd8gtl34jZSJOnn4nRJfFngCDcTZT/uySbK++ua0YQx2418l9Rn1Y4dE5XNq6zG9ZsE5ltLlNNw==",
        "dependencies": {
          "System.IO.Pipelines": "8.0.0"
        }
      },
      "netczicompress": {
        "type": "Project",
        "dependencies": {
          "Avalonia": "[11.2.0, )",
          "Avalonia.Controls.DataGrid": "[11.2.0, )",
          "Avalonia.Diagnostics": "[11.2.0, )",
          "Avalonia.Fonts.Inter": "[11.2.0, )",
          "Avalonia.ReactiveUI": "[11.2.0, )",
          "Avalonia.Themes.Fluent": "[11.2.0, )",
          "MessageBox.Avalonia": "[3.1.6.13, )",
          "Microsoft.Extensions.Logging.Abstractions": "[8.0.2, )",
          "Projektanker.Icons.Avalonia.FontAwesome": "[9.4.1, )",
          "ReactiveUI.Fody": "[19.5.41, )",
          "System.IO.Abstractions": "[21.2.1, )",
          "libczicompressc": "[0.5.2, )"
        }
      },
      "Avalonia": {
        "type": "CentralTransitive",
        "requested": "[11.2.0, )",
        "resolved": "11.2.0",
        "contentHash": "dM5GvrBRNtxPDypOQ9TnUEx3zd5CmCkXUQX/kd2Ged2iqxHuJtipZcWiS5WtFfprlHa/J8ki4+0+jeawC0VtCA==",
        "dependencies": {
          "Avalonia.BuildServices": "0.0.29",
          "Avalonia.Remote.Protocol": "11.2.0",
          "MicroCom.Runtime": "0.11.0"
        }
      },
      "Avalonia.Controls.DataGrid": {
        "type": "CentralTransitive",
        "requested": "[11.2.0, )",
        "resolved": "11.2.0",
        "contentHash": "nmtigVPgYVYMZbQR1wRz5InSk5ab8INSwmFzDbIqsYdn+Mj4/5lB4d5MoxIj3wEQUcxqkO7iqNFsOKafYvjZqg==",
        "dependencies": {
          "Avalonia": "11.2.0",
          "Avalonia.Remote.Protocol": "11.2.0"
        }
      },
      "Avalonia.Diagnostics": {
        "type": "CentralTransitive",
        "requested": "[11.2.0, )",
        "resolved": "11.2.0",
        "contentHash": "P0TSfq5sVdHuGC1xwuINkUAezMB92IxP+M/UBOEHWQRal13K4z2V8V75l9WH8ja0q/1B9sF6+4xcHS7JbOJhpQ==",
        "dependencies": {
          "Avalonia": "11.2.0",
          "Avalonia.Controls.ColorPicker": "11.2.0",
          "Avalonia.Controls.DataGrid": "11.2.0",
          "Avalonia.Themes.Simple": "11.2.0"
        }
      },
      "Avalonia.Fonts.Inter": {
        "type": "CentralTransitive",
        "requested": "[11.2.0, )",
        "resolved": "11.2.0",
        "contentHash": "kLorc5wMPXer0xngTRFdXGb/Yq84xa4klI7m+7PW4mCSQ8dv3sRqBebecgSAs1/ADs9i/JTGdHgIPB0Yrec9ZA==",
        "dependencies": {
          "Avalonia": "11.2.0"
        }
      },
      "Avalonia.ReactiveUI": {
        "type": "CentralTransitive",
        "requested": "[11.2.0, )",
        "resolved": "11.2.0",
        "contentHash": "xecP1P3G7MzkXrwRIVmsfpQ8ofsS9XK3H4YXtyH+dZvqhXc/emsRGFfrtjL8TBidnE7JCLYP9QF7Z3n7bvMYSw==",
        "dependencies": {
          "Avalonia": "11.2.0",
          "ReactiveUI": "20.1.1",
          "System.Reactive": "6.0.1"
        }
      },
      "Avalonia.Themes.Fluent": {
        "type": "CentralTransitive",
        "requested": "[11.2.0, )",
        "resolved": "11.2.0",
        "contentHash": "f0DgBcwCOdVChA10XfHIPBUUWeaG/r65zWpPynMgE8kPOyorJqsrbuGS//hxU4uRiQJwJgTGbQUqWVn3dEgM1g==",
        "dependencies": {
          "Avalonia": "11.2.0"
        }
      },
      "DynamicData": {
        "type": "CentralTransitive",
        "requested": "[9.0.4, )",
        "resolved": "8.4.1",
        "contentHash": "Mn1+fU/jqxgONEJq8KLQPGWEi7g/hUVTbjZyn4QM0sWWDAVOHPO9WjXWORSykwdfg/6S3GM15qsfz+2EvO+QAQ==",
        "dependencies": {
          "System.Reactive": "6.0.0"
        }
      },
      "Fody": {
        "type": "CentralTransitive",
        "requested": "[6.8.2, )",
        "resolved": "6.8.0",
        "contentHash": "hfZ/f8Mezt8aTkgv9nsvFdYoQ809/AqwsJlOGOPYIfBcG2aAIG3v3ex9d8ZqQuFYyMoucjRg4eKy3VleeGodKQ=="
      },
      "libczicompressc": {
        "type": "CentralTransitive",
        "requested": "[0.5.2, )",
        "resolved": "0.5.2",
        "contentHash": "McWFqV8iLbslwP9M7xg69qVVxrupzJRhJ7uG2aLQ8Kf3q/babhRF0G97fwBONrJQVzU3mLW3/vGJ6urdMviwuw=="
      },
      "MessageBox.Avalonia": {
        "type": "CentralTransitive",
        "requested": "[3.1.6.13, )",
        "resolved": "3.1.6.13",
        "contentHash": "rKOGAQIDVpvMXbbPTm54iawj16TQveMF5rxxeLDH3khrh/pK2Ud2mrWqHwLP7Kvkaa45HSEjFTL/+uGJyiJXgw==",
        "dependencies": {
          "Avalonia": "11.1.3",
          "DialogHost.Avalonia": "0.8.1",
          "Markdown.Avalonia": "11.0.2"
        }
      },
      "Microsoft.Extensions.Logging.Abstractions": {
        "type": "CentralTransitive",
        "requested": "[8.0.2, )",
        "resolved": "8.0.2",
        "contentHash": "nroMDjS7hNBPtkZqVBbSiQaQjWRDxITI8Y7XnDs97rqG3EbzVTNLZQf7bIeUJcaHOV8bca47s1Uxq94+2oGdxA==",
        "dependencies": {
          "Microsoft.Extensions.DependencyInjection.Abstractions": "8.0.2"
        }
      },
      "ReactiveUI": {
        "type": "CentralTransitive",
        "requested": "[20.1.63, )",
        "resolved": "20.1.1",
        "contentHash": "9hNPknWjijnaSWs6auypoXqUptPZcRpUypF+cf1zD50fgW+SEoQda502N3fVZ2eWPcaiUad+z6GaLwOWmUVHNw==",
        "dependencies": {
          "DynamicData": "8.4.1",
          "Splat": "15.1.1",
          "System.ComponentModel.Annotations": "5.0.0"
        }
      },
      "ReactiveUI.Fody": {
        "type": "CentralTransitive",
        "requested": "[19.5.41, )",
        "resolved": "19.5.41",
        "contentHash": "bh6OH1WsSHf/ryUVaPnI6LWl1+lrCvq4L/AoHpzPXCKxtR4p0ogPVONnkq0jYgSQ55x7YNCVkthBKeb6uUSbpg==",
        "dependencies": {
          "Fody": "6.8.0",
          "ReactiveUI": "19.5.41"
        }
      },
      "Splat": {
        "type": "CentralTransitive",
        "requested": "[15.2.22, )",
        "resolved": "15.1.1",
        "contentHash": "RHDTdF90FwVbRia2cmuIzkiVoETqnXSB2dDBBi/I35HWXqv4OKGqoMcfcd6obMvO2OmmY5PjU1M62K8LkJafAA=="
      },
      "System.IO.Abstractions": {
        "type": "CentralTransitive",
        "requested": "[21.2.1, )",
        "resolved": "21.2.1",
        "contentHash": "fLz5LB8tl52AXw/e9rk3BV259TUHG/Yp7PgXGWQuiGvSERAv0ABXhtArSOEdx4K+VlXEh90zFgYYGcZza9VyFA==",
        "dependencies": {
          "TestableIO.System.IO.Abstractions": "21.2.1",
          "TestableIO.System.IO.Abstractions.Wrappers": "21.2.1"
        }
      },
      "System.Reactive": {
        "type": "CentralTransitive",
        "requested": "[6.0.1, )",
        "resolved": "6.0.1",
        "contentHash": "rHaWtKDwCi9qJ3ObKo8LHPMuuwv33YbmQi7TcUK1C264V3MFnOr5Im7QgCTdLniztP3GJyeiSg5x8NqYJFqRmg=="
      }
    }
  }
}