{
  "version": 2,
  "dependencies": {
    "native,Version=v0.0": {
      "StyleCop.Analyzers.Unstable": {
        "type": "Direct",
        "requested": "[1.2.0.507, )",
        "resolved": "1.2.0.507",
        "contentHash": "gTY3IQdRqDJ4hbhSA3e/R48oE8b/OiKfvwkt1QdNVfrJK2gMHBV8ldaHJ885jxWZfllK66soa/sdcjh9bX49Tw=="
      },
      "WixToolset.Heat": {
        "type": "Direct",
        "requested": "[5.0.0, )",
        "resolved": "5.0.0",
        "contentHash": "7xrTqQ3BUnA/Ax+XpQ3FBCo+IxuI1un3oaubmlSBQXS5+PDhv4yCRd/6N5lqwrMxgXC2JbAbEeTC2WUVK5OtJQ=="
      },
      "WixToolset.UI.wixext": {
        "type": "Direct",
        "requested": "[5.0.0, )",
        "resolved": "5.0.0",
        "contentHash": "bSXUeHrfylVOeoklBb3mSlmMmiIVmQnEakCLeEtQoUundgWY3LOlVr7yjLu/3RBkMCiYdGmaNhg7MHwS2iQDsA=="
      },
      "WixToolset.Util.wixext": {
        "type": "Direct",
        "requested": "[5.0.0, )",
        "resolved": "5.0.0",
        "contentHash": "7lLwyrf+2cTuPju0swTWtRNYesnOMxXhGugMnGGNEPDB4g/+BCUsub2RDYAxnBnbnND7QmPwZnneLrTIQOdAbg=="
      }
    },
    "native,Version=v0.0/win-x64": {}
  }
}