{
  "version": 2,
  "dependencies": {
    "net8.0": {
      "Avalonia": {
        "type": "Direct",
        "requested": "[11.1.3, )",
        "resolved": "11.1.3",
        "contentHash": "kpVAnKTbg/ZVnWyYLGPYXR0Ce4uiHLT1y6BcgJYpdFfn3b0TmvbxFZV37lpc1wEjUyaU28V+DoNnRbYSLsv0nw==",
        "dependencies": {
          "Avalonia.BuildServices": "0.0.29",
          "Avalonia.Remote.Protocol": "11.1.3",
          "MicroCom.Runtime": "0.11.0"
        }
      },
      "Avalonia.Controls.DataGrid": {
        "type": "Direct",
        "requested": "[11.1.3, )",
        "resolved": "11.1.3",
        "contentHash": "Ypqjb74jzhxAYGW6DumBvJaxOsB1IB5XcXHL5KfhgkvMZ5aW3ol3q7IBwScBvkffo2wgYaVvxkwyaDEuyjlrmQ==",
        "dependencies": {
          "Avalonia": "11.1.3",
          "Avalonia.Remote.Protocol": "11.1.3"
        }
      },
      "Avalonia.Diagnostics": {
        "type": "Direct",
        "requested": "[11.1.3, )",
        "resolved": "11.1.3",
        "contentHash": "1oJQivGbnBJL2a1TpQEt5jfvdn5+iclDdRn6JzPu54oPHv48iTnulT6mlKPTe4L9JX/bUjJsxhZxcyTh6dhhqQ==",
        "dependencies": {
          "Avalonia": "11.1.3",
          "Avalonia.Controls.ColorPicker": "11.1.3",
          "Avalonia.Controls.DataGrid": "11.1.3",
          "Avalonia.Themes.Simple": "11.1.3"
        }
      },
      "Avalonia.Fonts.Inter": {
        "type": "Direct",
        "requested": "[11.1.3, )",
        "resolved": "11.1.3",
        "contentHash": "HN50EoZV/6vkPYEGOlugAeEUhzy9rgkmyiZmSCLXIX5XhfoHj5LerRjVkfttWEdjCYqDzeGq4EKOSGZDCblIUQ==",
        "dependencies": {
          "Avalonia": "11.1.3"
        }
      },
      "Avalonia.ReactiveUI": {
        "type": "Direct",
        "requested": "[11.1.3, )",
        "resolved": "11.1.3",
        "contentHash": "MJQw+16d3ipzmlgPw+tMaNEWzYfU+LXS8ewkmKOxRD7HAL1SHHmEtd9YF1hk9n8qkz1kapg1PzAJwP+ZXsY7Ig==",
        "dependencies": {
          "Avalonia": "11.1.3",
          "ReactiveUI": "18.3.1",
          "System.Reactive": "5.0.0"
        }
      },
      "Avalonia.Themes.Fluent": {
        "type": "Direct",
        "requested": "[11.1.3, )",
        "resolved": "11.1.3",
        "contentHash": "/2O9HXnnqRVGQ6VUjLLOkCNQx1/gXu69yyzUmDgS13Q0LdbGaYUYzSnPFnIBtOABuVCmdwbu+W+YI6jSwnT0uw==",
        "dependencies": {
          "Avalonia": "11.1.3"
        }
      },
      "libczicompressc": {
        "type": "Direct",
        "requested": "[0.5.2, )",
        "resolved": "0.5.2",
        "contentHash": "McWFqV8iLbslwP9M7xg69qVVxrupzJRhJ7uG2aLQ8Kf3q/babhRF0G97fwBONrJQVzU3mLW3/vGJ6urdMviwuw=="
      },
      "MessageBox.Avalonia": {
        "type": "Direct",
        "requested": "[3.1.5.1, )",
        "resolved": "3.1.5.1",
        "contentHash": "iE6AzefOgcNHwdmQoUIeuii09UsFzMJoo027dZ/oKXmIaX9C8isTejODlGsuRmWgvvgMNULXsQTaH0VknMSEnw==",
        "dependencies": {
          "Avalonia": "11.0.5",
          "DialogHost.Avalonia": "0.7.7",
          "Markdown.Avalonia.Tight": "11.0.2"
        }
      },
      "Microsoft.DotNet.ILCompiler": {
        "type": "Direct",
        "requested": "[8.0.8, )",
        "resolved": "8.0.8",
        "contentHash": "OWFDT/S4Zl5QVakCjVfRaZTLrmWDhA20ud/BKkru7vWnIrejMcUk4Xz2MwavgyzBypryoHYta787k4avhxsU9A=="
      },
      "Microsoft.Extensions.Logging.Abstractions": {
        "type": "Direct",
        "requested": "[8.0.0, )",
        "resolved": "8.0.0",
        "contentHash": "arDBqTgFCyS0EvRV7O3MZturChstm50OJ0y9bDJvAcmEPJm0FFpFyjU/JLYyStNGGey081DvnQYlncNX5SJJGA==",
        "dependencies": {
          "Microsoft.Extensions.DependencyInjection.Abstractions": "8.0.0"
        }
      },
      "Microsoft.NET.ILLink.Tasks": {
        "type": "Direct",
        "requested": "[8.0.8, )",
        "resolved": "8.0.8",
        "contentHash": "P8wR6MUWwYXIjPJuBaZgo5zlI/GWI6QEAo6NyVIbPefa9CCkohYu7dP2rD/mrqnjEqfRHyl+h9VZrDoGpELqYg=="
      },
      "Projektanker.Icons.Avalonia.FontAwesome": {
        "type": "Direct",
        "requested": "[9.4.0, )",
        "resolved": "9.4.0",
        "contentHash": "G7ToUd6xMFTO9bsOmmXdKCbWBZUppbMB16VGH6muKSy1essNPPRoyUtgcJul+Z2m1vutDWfRl9xgp92/EzNLiQ==",
        "dependencies": {
          "Projektanker.Icons.Avalonia": "9.4.0",
          "System.Text.Json": "8.0.3"
        }
      },
      "ReactiveUI.Fody": {
        "type": "Direct",
        "requested": "[19.5.1, )",
        "resolved": "19.5.1",
        "contentHash": "C5cjYVKelGPGX47T+zhykh07z9EcMhGmSYyUhEDSZ8zRBAWkon8UvSRUmyKtKnkbcaXWoszlhlfEd6CIMPRjHQ==",
        "dependencies": {
          "Fody": "6.8.0",
          "ReactiveUI": "19.5.1"
        }
      },
      "StyleCop.Analyzers.Unstable": {
        "type": "Direct",
        "requested": "[1.2.0.556, )",
        "resolved": "1.2.0.556",
        "contentHash": "zvn9Mqs/ox/83cpYPignI8hJEM2A93s2HkHs8HYMOAQW0PkampyoErAiIyKxgTLqbbad29HX/shv/6LGSjPJNQ=="
      },
      "System.IO.Abstractions": {
        "type": "Direct",
        "requested": "[21.0.29, )",
        "resolved": "21.0.29",
        "contentHash": "EqqngPcNhqjGHKYVjhfU8D/l3rj/m00VaXxuRrWjal38Kw8kqN3f63sj69b/8Q6OAeJkA/nbWsn/iwPMqCQvfg==",
        "dependencies": {
          "TestableIO.System.IO.Abstractions": "21.0.29",
          "TestableIO.System.IO.Abstractions.Wrappers": "21.0.29"
        }
      },
      "Avalonia.BuildServices": {
        "type": "Transitive",
        "resolved": "0.0.29",
        "contentHash": "U4eJLQdoDNHXtEba7MZUCwrBErBTxFp6sUewXBOdAhU0Kwzwaa/EKFcYm8kpcysjzKtfB4S0S9n0uxKZFz/ikw=="
      },
      "Avalonia.Controls.ColorPicker": {
        "type": "Transitive",
        "resolved": "11.1.3",
        "contentHash": "xhFYsnGUz/9O9X0iNzpNg1S1D3D5RdeYmF7T9jgAeGme6gY76tFJCYSWozzvtTKhLLXgpj8v2bTnIxd2DBIH9w==",
        "dependencies": {
          "Avalonia": "11.1.3",
          "Avalonia.Remote.Protocol": "11.1.3"
        }
      },
      "Avalonia.Remote.Protocol": {
        "type": "Transitive",
        "resolved": "11.1.3",
        "contentHash": "ByXwboJC1jg13Qdxfs3/aX/yY4wi9n1XKT+a6+ckLnpSeesjQ0J6N1+wix7ISuGwFo0cyT0nXpvI4s2Zo+rkSA=="
      },
      "Avalonia.Themes.Simple": {
        "type": "Transitive",
        "resolved": "11.1.3",
        "contentHash": "R/bLBXRzcKiDqq6unUL9zHsPFrnJezj4hK2+6hDtmRnd+JEHizEV/aK/fotP//0WROYFz23fJqH0SG0BOlXX6w==",
        "dependencies": {
          "Avalonia": "11.1.3"
        }
      },
      "ColorTextBlock.Avalonia": {
        "type": "Transitive",
        "resolved": "11.0.2",
        "contentHash": "MsWu5aAbDpstAmJ+TTSgC6Q7YdjKB7Na912GMr3oWl9ag8TH2HNpglzgo+kIAuB4C4wswKfrzhso4UcpvgMuHg==",
        "dependencies": {
          "Avalonia": "11.0.0"
        }
      },
      "DialogHost.Avalonia": {
        "type": "Transitive",
        "resolved": "0.7.7",
        "contentHash": "V5zq0e6dBeK1A8xDsyNouzfSx3d+aOhxPgjguaFyaDexgDF8WiSQDsawkv0fRGKbDnaPIqMk9m7P/2G5c7HPzw==",
        "dependencies": {
          "Avalonia": "11.0.0",
          "System.Reactive": "6.0.0"
        }
      },
      "Markdown.Avalonia.Tight": {
        "type": "Transitive",
        "resolved": "11.0.2",
        "contentHash": "Ylg0EkSUId42dVUFQvU7UJGWcKiJ+g7TesRe/KCzUYzlypWf1lTiVveT2j60QSldCtuAw3o/aEOEjIahMdRGig==",
        "dependencies": {
          "Avalonia": "11.0.0",
          "ColorTextBlock.Avalonia": "11.0.2"
        }
      },
      "MicroCom.Runtime": {
        "type": "Transitive",
        "resolved": "0.11.0",
        "contentHash": "MEnrZ3UIiH40hjzMDsxrTyi8dtqB5ziv3iBeeU4bXsL/7NLSal9F1lZKpK+tfBRnUoDSdtcW3KufE4yhATOMCA=="
      },
      "Microsoft.Extensions.DependencyInjection.Abstractions": {
        "type": "Transitive",
        "resolved": "8.0.0",
        "contentHash": "cjWrLkJXK0rs4zofsK4bSdg+jhDLTaxrkXu4gS6Y7MAlCvRyNNgwY/lJi5RDlQOnSZweHqoyvgvbdvQsRIW+hg=="
      },
      "Projektanker.Icons.Avalonia": {
        "type": "Transitive",
        "resolved": "9.4.0",
        "contentHash": "oOd7KPJnSVZbZpsp++2ADKQGwtIHJ8Ww3sJwRKntf0NYL63slPtoxrklugnKTgkWGao1bVz35HknKLf2V0D17Q==",
        "dependencies": {
          "Avalonia": "11.0.10"
        }
      },
      "System.Text.Encodings.Web": {
        "type": "Transitive",
        "resolved": "8.0.0",
        "contentHash": "yev/k9GHAEGx2Rg3/tU6MQh4HGBXJs70y7j1LaM1i/ER9po+6nnQ6RRqTJn1E7Xu0fbIFK80Nh5EoODxrbxwBQ=="
      },
      "System.Text.Json": {
        "type": "Transitive",
        "resolved": "8.0.3",
        "contentHash": "hpagS9joOwv6efWfrMmV9MjQXpiXZH72PgN067Ysfr6AWMSD1/1hEcvh/U5mUpPLezEWsOJSuVrmqDIVD958iA==",
        "dependencies": {
          "System.Text.Encodings.Web": "8.0.0"
        }
      },
      "TestableIO.System.IO.Abstractions": {
        "type": "Transitive",
        "resolved": "21.0.29",
        "contentHash": "3TtSs2i0m0QqpAI4EzR1vZXQuHNw5grBy0rDKqMkWi6ySEZ+yhN9HACgIyEq7gDXPLrtQI18ud/OtI0qVhP8Mg=="
      },
      "TestableIO.System.IO.Abstractions.Wrappers": {
        "type": "Transitive",
        "resolved": "21.0.29",
        "contentHash": "bm1stQx3rGV2qBW2xAAvl8ODVGNVkiAkqNsE+LsKfhMamBUa07IgsgMc9X/zBHc5yfAJOqJIUArQ56DDgwGyYA==",
        "dependencies": {
          "TestableIO.System.IO.Abstractions": "21.0.29"
        }
      },
      "DynamicData": {
        "type": "CentralTransitive",
        "requested": "[8.1.1, )",
        "resolved": "8.0.2",
        "contentHash": "zGKeUZcaW4Nxx8T2OyrkFnb+sIc6cnfCxQr/a/5Sm+Idg9rRJruHS8KFKVUIXNxDC0yQZYwO+22XBumMznA8sg==",
        "dependencies": {
          "System.Reactive": "6.0.0"
        }
      },
      "Fody": {
        "type": "CentralTransitive",
        "requested": "[6.8.0, )",
        "resolved": "6.8.0",
        "contentHash": "hfZ/f8Mezt8aTkgv9nsvFdYoQ809/AqwsJlOGOPYIfBcG2aAIG3v3ex9d8ZqQuFYyMoucjRg4eKy3VleeGodKQ=="
      },
      "ReactiveUI": {
        "type": "CentralTransitive",
        "requested": "[19.5.1, )",
        "resolved": "19.5.1",
        "contentHash": "Ye0k68DnpS/h9BagGba2KEGsps//gcY4z7ZGr/OiWmXMJZn0z0/io4NB9tbnGFrT5sD+npo0fELJ6sambGVEFQ==",
        "dependencies": {
          "DynamicData": "8.0.2",
          "Splat": "14.7.1"
        }
      },
      "Splat": {
        "type": "CentralTransitive",
        "requested": "[14.8.6, )",
        "resolved": "14.7.1",
        "contentHash": "nWalgf4RuopEICZhMpwlFPz0MJaBYrusIbP/GxpE6x19PZnlLW4RZs84FYxlCfXLKTMsImHKHv2YoOQmM8/bPA=="
      },
      "System.Reactive": {
        "type": "CentralTransitive",
        "requested": "[6.0.0, )",
        "resolved": "6.0.0",
        "contentHash": "31kfaW4ZupZzPsI5PVe77VhnvFF55qgma7KZr/E0iFTs6fmdhhG8j0mgEx620iLTey1EynOkEfnyTjtNEpJzGw=="
      }
    }
  }
}