{
  "version": 2,
  "dependencies": {
    "net8.0": {
      "Avalonia": {
        "type": "Direct",
        "requested": "[11.2.3, )",
        "resolved": "11.2.3",
        "contentHash": "pD6woFAUfGcyEvMmrpctntU4jv4fT8752pfx1J5iRORVX3Ob0oQi8PWo0TXVaAJZiSfH0cdKTeKx0w0DzD0/mg==",
        "dependencies": {
          "Avalonia.BuildServices": "0.0.29",
          "Avalonia.Remote.Protocol": "11.2.3",
          "MicroCom.Runtime": "0.11.0"
        }
      },
      "Avalonia.Controls.DataGrid": {
        "type": "Direct",
        "requested": "[11.2.3, )",
        "resolved": "11.2.3",
        "contentHash": "Ul6oWEoqs4eTQZIb4Hzf0+ajhgrCX9ypOj8TahKbkKoIznJkUoka3iV90Vpj/AuoT5AZsN6f+1+62SVPpeMApA==",
        "dependencies": {
          "Avalonia": "11.2.3",
          "Avalonia.Remote.Protocol": "11.2.3"
        }
      },
      "Avalonia.Diagnostics": {
        "type": "Direct",
        "requested": "[11.2.3, )",
        "resolved": "11.2.3",
        "contentHash": "Qld0UvkSLfIuZD7/gS8RIO6ww3jP+xJvsMyqU8evdphPoic7h6LAeY/ppT9NtI0r1KUDT2BpFcVDqPyQH6eSiw==",
        "dependencies": {
          "Avalonia": "11.2.3",
          "Avalonia.Controls.ColorPicker": "11.2.3",
          "Avalonia.Controls.DataGrid": "11.2.3",
          "Avalonia.Themes.Simple": "11.2.3"
        }
      },
      "Avalonia.Fonts.Inter": {
        "type": "Direct",
        "requested": "[11.2.3, )",
        "resolved": "11.2.3",
        "contentHash": "ConIy0i4S5xuWwYMihJt+0VVIFS1NqXtMzG7XYFO/L786P9qXlQBnHHuLt4kdw5kvJtZEhgii9E+/W7b35wtoQ==",
        "dependencies": {
          "Avalonia": "11.2.3"
        }
      },
      "Avalonia.ReactiveUI": {
        "type": "Direct",
        "requested": "[11.2.3, )",
        "resolved": "11.2.3",
        "contentHash": "MHasX3CRPkkbFN7UZC/+mRZiPvWmiIRl5SJjQYiOA+Zgw9xj6qK9mD3zNbr0Ej3yN+IRh/qDjBlTpL4TzDF88A==",
        "dependencies": {
          "Avalonia": "11.2.3",
          "ReactiveUI": "20.1.1",
          "System.Reactive": "6.0.1"
        }
      },
      "Avalonia.Themes.Fluent": {
        "type": "Direct",
        "requested": "[11.2.3, )",
        "resolved": "11.2.3",
        "contentHash": "gPJWBWaeocvRhSrB977xsfH0Ame14PxRMIgEfezi2bTjNJ43JWzJtALgDfDZYMpZPDdeWU/mwDigR/kD+rJtlw==",
        "dependencies": {
          "Avalonia": "11.2.3"
        }
      },
      "libczicompressc": {
        "type": "Direct",
        "requested": "[0.5.2, )",
        "resolved": "0.5.2",
        "contentHash": "McWFqV8iLbslwP9M7xg69qVVxrupzJRhJ7uG2aLQ8Kf3q/babhRF0G97fwBONrJQVzU3mLW3/vGJ6urdMviwuw=="
      },
      "MessageBox.Avalonia": {
        "type": "Direct",
        "requested": "[3.1.6.13, )",
        "resolved": "3.1.6.13",
        "contentHash": "rKOGAQIDVpvMXbbPTm54iawj16TQveMF5rxxeLDH3khrh/pK2Ud2mrWqHwLP7Kvkaa45HSEjFTL/+uGJyiJXgw==",
        "dependencies": {
          "Avalonia": "11.1.3",
          "DialogHost.Avalonia": "0.8.1",
          "Markdown.Avalonia": "11.0.2"
        }
      },
      "Microsoft.DotNet.ILCompiler": {
        "type": "Direct",
        "requested": "[8.0.10, )",
        "resolved": "8.0.10",
        "contentHash": "iThS5LNCcLlFkUlnxCJMgMSQ6s1BgbZo9ri11DDgNxDn8StwgFVUQJ8O5N/7S037jcS1md8tWp7Zu2YconIlag=="
      },
      "Microsoft.Extensions.Logging.Abstractions": {
        "type": "Direct",
        "requested": "[8.0.2, )",
        "resolved": "8.0.2",
        "contentHash": "nroMDjS7hNBPtkZqVBbSiQaQjWRDxITI8Y7XnDs97rqG3EbzVTNLZQf7bIeUJcaHOV8bca47s1Uxq94+2oGdxA==",
        "dependencies": {
          "Microsoft.Extensions.DependencyInjection.Abstractions": "8.0.2"
        }
      },
      "Microsoft.NET.ILLink.Tasks": {
        "type": "Direct",
        "requested": "[8.0.10, )",
        "resolved": "8.0.10",
        "contentHash": "xT8jYjlroY7SLbGtoV9vUTVW/TPgodL4Egc31a444Xe0TMytLZ3UlKQ0kxMZsy/CrWsFB6wtKnSG1SsXcWreew=="
      },
      "Projektanker.Icons.Avalonia.FontAwesome": {
        "type": "Direct",
        "requested": "[9.6.0, )",
        "resolved": "9.6.0",
        "contentHash": "LCsWBBVDL/vToTm2ZW3ai1vT2c/98WXXqa0yVALxDTuly0BbZcpfuauvq31npbX+LnnKNNalICwX9NRRt3JKvw==",
        "dependencies": {
          "Projektanker.Icons.Avalonia": "9.6.0",
          "System.Text.Json": "9.0.0"
        }
      },
      "ReactiveUI.Fody": {
        "type": "Direct",
        "requested": "[19.5.41, )",
        "resolved": "19.5.41",
        "contentHash": "bh6OH1WsSHf/ryUVaPnI6LWl1+lrCvq4L/AoHpzPXCKxtR4p0ogPVONnkq0jYgSQ55x7YNCVkthBKeb6uUSbpg==",
        "dependencies": {
          "Fody": "6.8.0",
          "ReactiveUI": "19.5.41"
        }
      },
      "StyleCop.Analyzers.Unstable": {
        "type": "Direct",
        "requested": "[1.2.0.556, )",
        "resolved": "1.2.0.556",
        "contentHash": "zvn9Mqs/ox/83cpYPignI8hJEM2A93s2HkHs8HYMOAQW0PkampyoErAiIyKxgTLqbbad29HX/shv/6LGSjPJNQ=="
      },
      "System.IO.Abstractions": {
        "type": "Direct",
        "requested": "[21.2.8, )",
        "resolved": "21.2.8",
        "contentHash": "kgu2kRfPVf50c0Tp5EMEiY6NtbNOIZlNgWW83LIKFCbo+d0WXPygAF+1fjBzmWjebKiIF5KClIXlA7qTOfZBDg==",
        "dependencies": {
          "TestableIO.System.IO.Abstractions": "21.2.8",
          "TestableIO.System.IO.Abstractions.Wrappers": "21.2.8"
        }
      },
      "Avalonia.AvaloniaEdit": {
        "type": "Transitive",
        "resolved": "11.0.0",
        "contentHash": "VhTgyJIHgy2R1fi+5+E2T4Mjd5qE2EzSYI6mQNfLh4rF4b7Ue7yn7eZKNx0dHeD+WuI32Uw/HEZuA7fxFvhgpQ==",
        "dependencies": {
          "Avalonia": "11.0.0",
          "System.Collections.Immutable": "1.6.0"
        }
      },
      "Avalonia.BuildServices": {
        "type": "Transitive",
        "resolved": "0.0.29",
        "contentHash": "U4eJLQdoDNHXtEba7MZUCwrBErBTxFp6sUewXBOdAhU0Kwzwaa/EKFcYm8kpcysjzKtfB4S0S9n0uxKZFz/ikw=="
      },
      "Avalonia.Controls.ColorPicker": {
        "type": "Transitive",
        "resolved": "11.2.3",
        "contentHash": "JpK84GN+CkS5H0L/mDyYa4aMAJw93dukedKK1xC4g/J5NmwQ23qFPQNqZlTs+6f9nULwJPL+jiffJpSyGMt0gg==",
        "dependencies": {
          "Avalonia": "11.2.3",
          "Avalonia.Remote.Protocol": "11.2.3"
        }
      },
      "Avalonia.Remote.Protocol": {
        "type": "Transitive",
        "resolved": "11.2.3",
        "contentHash": "6V0aNtld48WmO8tAlWwlRlUmXYcOWv+1eJUSl1ETF+1blUe5yhcSmuWarPprO0hDk8Ta6wGfdfcrnVl2gITYcA=="
      },
      "Avalonia.Svg": {
        "type": "Transitive",
        "resolved": "11.0.0",
        "contentHash": "XeU63iFDQA7C7y578qaULYlTJd4ksqhEwguCFuSF76cssDijgDjo4WYj2WyzU51n8LNIJ3CmijrPN81BHY4AkQ==",
        "dependencies": {
          "Avalonia": "11.0.0",
          "Svg.Model": "1.0.0"
        }
      },
      "Avalonia.Themes.Simple": {
        "type": "Transitive",
        "resolved": "11.2.3",
        "contentHash": "Okio7RYUHUk1m/1n6VGrkoq0C3Y3J6RwtrTGEfXPkYMJsL6yPqstJZMYkMFQPISUr8TYUNVKv82hL1qLRw7hwA==",
        "dependencies": {
          "Avalonia": "11.2.3"
        }
      },
      "ColorTextBlock.Avalonia": {
        "type": "Transitive",
        "resolved": "11.0.2",
        "contentHash": "MsWu5aAbDpstAmJ+TTSgC6Q7YdjKB7Na912GMr3oWl9ag8TH2HNpglzgo+kIAuB4C4wswKfrzhso4UcpvgMuHg==",
        "dependencies": {
          "Avalonia": "11.0.0"
        }
      },
      "DialogHost.Avalonia": {
        "type": "Transitive",
        "resolved": "0.8.1",
        "contentHash": "RLBOMqjJPgSmwe0i1pzX3Q7Pn0i4xE/E1b774krd4VyEkaorz1AYMdYQHyIfuhtQv5NntZyS0MuQbxJl/PhzBg==",
        "dependencies": {
          "Avalonia": "11.1.0"
        }
      },
      "ExCSS": {
        "type": "Transitive",
        "resolved": "4.1.4",
        "contentHash": "6eMFdIazPCVfr9Gios0nCUYq3/02SewnDGvS+aCi/RWaAtoETz2fNT+H//+k0vjoDJBHXkWdVG8EkxUydxtyxA=="
      },
      "Fizzler": {
        "type": "Transitive",
        "resolved": "1.2.1",
        "contentHash": "nSudK8LeKSu7T/N/6NVZNjUniMYagfzVo8yT2XwZ9BOVbWYQH3EQ8oviuztJ7AfO8PlRDsYIWboZuzIg94hhzQ=="
      },
      "HtmlAgilityPack": {
        "type": "Transitive",
        "resolved": "1.11.42",
        "contentHash": "LDc1bEfF14EY2DZzak4xvzWvbpNXK3vi1u0KQbBpLUN4+cx/VrvXhgCAMSJhSU5vz0oMfW9JZIR20vj/PkDHPA=="
      },
      "Markdown.Avalonia": {
        "type": "Transitive",
        "resolved": "11.0.2",
        "contentHash": "44NeKDwRuusHT3rNoBYZ80xioEZLue910h+rSI+kRgA5mZLAeATYcFQ4YN5fyY+kMMR+ZcS8woiOSAMYm08Qrw==",
        "dependencies": {
          "Markdown.Avalonia.Html": "11.0.2",
          "Markdown.Avalonia.Svg": "11.0.2",
          "Markdown.Avalonia.SyntaxHigh": "11.0.2",
          "Markdown.Avalonia.Tight": "11.0.2"
        }
      },
      "Markdown.Avalonia.Html": {
        "type": "Transitive",
        "resolved": "11.0.2",
        "contentHash": "e/oDOdn3SlK0qDO9ud9CqpGup9Byre9VGflqNZbhStvgQygaYVDYLCjTnzzleD4bVvgrrJD5eNq4dZm0JpvfzQ==",
        "dependencies": {
          "Avalonia": "11.0.0",
          "ColorTextBlock.Avalonia": "11.0.2",
          "HtmlAgilityPack": "1.11.42",
          "Markdown.Avalonia.SyntaxHigh": "11.0.2",
          "Markdown.Avalonia.Tight": "11.0.2"
        }
      },
      "Markdown.Avalonia.Svg": {
        "type": "Transitive",
        "resolved": "11.0.2",
        "contentHash": "TVQs0b1l1/9vKqX7B8+7OxUceVORDgTp9p+QzoPyynGEqDE9VdPUW0Z8e/Tl9cgLgtuIZYhcphb8Ypcr/egafw==",
        "dependencies": {
          "Avalonia": "11.0.0",
          "Avalonia.Svg": "11.0.0",
          "Markdown.Avalonia.Tight": "11.0.2"
        }
      },
      "Markdown.Avalonia.SyntaxHigh": {
        "type": "Transitive",
        "resolved": "11.0.2",
        "contentHash": "wbOcs07u8JUf329Ct4h5XjL0LTbB0mOi3U3ViVnC8OmnGcb8c8LLd56tdmXdahYgk4RYs9OFAibQFhhB22hdBQ==",
        "dependencies": {
          "Avalonia": "11.0.0",
          "Avalonia.AvaloniaEdit": "11.0.0"
        }
      },
      "Markdown.Avalonia.Tight": {
        "type": "Transitive",
        "resolved": "11.0.2",
        "contentHash": "Ylg0EkSUId42dVUFQvU7UJGWcKiJ+g7TesRe/KCzUYzlypWf1lTiVveT2j60QSldCtuAw3o/aEOEjIahMdRGig==",
        "dependencies": {
          "Avalonia": "11.0.0",
          "ColorTextBlock.Avalonia": "11.0.2"
        }
      },
      "MicroCom.Runtime": {
        "type": "Transitive",
        "resolved": "0.11.0",
        "contentHash": "MEnrZ3UIiH40hjzMDsxrTyi8dtqB5ziv3iBeeU4bXsL/7NLSal9F1lZKpK+tfBRnUoDSdtcW3KufE4yhATOMCA=="
      },
      "Microsoft.Extensions.DependencyInjection.Abstractions": {
        "type": "Transitive",
        "resolved": "8.0.2",
        "contentHash": "3iE7UF7MQkCv1cxzCahz+Y/guQbTqieyxyaWKhrRO91itI9cOKO76OHeQDahqG4MmW5umr3CcCvGmK92lWNlbg=="
      },
      "Microsoft.NETCore.Platforms": {
        "type": "Transitive",
        "resolved": "1.1.0",
        "contentHash": "kz0PEW2lhqygehI/d6XsPCQzD7ff7gUJaVGPVETX611eadGsA3A877GdSlU0LRVMCTH/+P3o2iDTak+S08V2+A=="
      },
      "Microsoft.NETCore.Targets": {
        "type": "Transitive",
        "resolved": "1.1.0",
        "contentHash": "aOZA3BWfz9RXjpzt0sRJJMjAscAUm3Hoa4UWAfceV9UTYxgwZ1lZt5nO2myFf+/jetYQo4uTP7zS8sJY67BBxg=="
      },
      "Projektanker.Icons.Avalonia": {
        "type": "Transitive",
        "resolved": "9.6.0",
        "contentHash": "eiQJgr7p8whK3AXbkDwyIEij6I/4ZfTMhBq4ZCy9N22Zvja6b5jlgIknb5knMesTBj53JObOGqIDyzWh8Mzrfg==",
        "dependencies": {
          "Avalonia": "11.2.3"
        }
      },
      "ShimSkiaSharp": {
        "type": "Transitive",
        "resolved": "1.0.0",
        "contentHash": "aO0ERDXKTcGGkxY3V+yp+gkx/dtlyMVS5jMe2S3ajvsSHvlB3IQJHSCvOjoYJRjnf9mMXTIUL5EDKM/yqZ2E3A=="
      },
      "Svg.Custom": {
        "type": "Transitive",
        "resolved": "1.0.0",
        "contentHash": "WN55shnYAO2idEBWh6yyER55F5ov1kaGxBqM2EI7fVoeJS8zyZvVadOoPz+PUu94QTIJ3dk5zFtEELSd7UeDcw==",
        "dependencies": {
          "ExCSS": "4.1.4",
          "Fizzler": "1.2.1",
          "System.Memory": "4.5.4",
          "System.ObjectModel": "4.3.0",
          "System.ValueTuple": "4.5.0"
        }
      },
      "Svg.Model": {
        "type": "Transitive",
        "resolved": "1.0.0",
        "contentHash": "XyGTU2W4GZQ8lIRI/UWI0QftNvsLjnfOA1YDhZd8CwHmLBbFqjliLajryArFy0ZetlyC13v5D/+ZoObR/NS3qA==",
        "dependencies": {
          "ShimSkiaSharp": "1.0.0",
          "Svg.Custom": "1.0.0"
        }
      },
      "System.Collections": {
        "type": "Transitive",
        "resolved": "4.3.0",
        "contentHash": "3Dcj85/TBdVpL5Zr+gEEBUuFe2icOnLalmEh9hfck1PTYbbyWuZgh4fmm2ysCLTrqLQw6t3TgTyJ+VLp+Qb+Lw==",
        "dependencies": {
          "Microsoft.NETCore.Platforms": "1.1.0",
          "Microsoft.NETCore.Targets": "1.1.0",
          "System.Runtime": "4.3.0"
        }
      },
      "System.Collections.Immutable": {
        "type": "Transitive",
        "resolved": "1.6.0",
        "contentHash": "+aL946rTSJyo4PqstwsVZ5RBfaxfkIx+nTMfpmaxzorqgifRJwndBZhXPWNWGJpys7cQ1/vCvilYN9ugM05JFA=="
      },
      "System.ComponentModel.Annotations": {
        "type": "Transitive",
        "resolved": "5.0.0",
        "contentHash": "dMkqfy2el8A8/I76n2Hi1oBFEbG1SfxD2l5nhwXV3XjlnOmwxJlQbYpJH4W51odnU9sARCSAgv7S3CyAFMkpYg=="
      },
      "System.Diagnostics.Debug": {
        "type": "Transitive",
        "resolved": "4.3.0",
        "contentHash": "ZUhUOdqmaG5Jk3Xdb8xi5kIyQYAA4PnTNlHx1mu9ZY3qv4ELIdKbnL/akbGaKi2RnNUWaZsAs31rvzFdewTj2g==",
        "dependencies": {
          "Microsoft.NETCore.Platforms": "1.1.0",
          "Microsoft.NETCore.Targets": "1.1.0",
          "System.Runtime": "4.3.0"
        }
      },
      "System.Globalization": {
        "type": "Transitive",
        "resolved": "4.3.0",
        "contentHash": "kYdVd2f2PAdFGblzFswE4hkNANJBKRmsfa2X5LG2AcWE1c7/4t0pYae1L8vfZ5xvE2nK/R9JprtToA61OSHWIg==",
        "dependencies": {
          "Microsoft.NETCore.Platforms": "1.1.0",
          "Microsoft.NETCore.Targets": "1.1.0",
          "System.Runtime": "4.3.0"
        }
      },
      "System.IO": {
        "type": "Transitive",
        "resolved": "4.3.0",
        "contentHash": "3qjaHvxQPDpSOYICjUoTsmoq5u6QJAFRUITgeT/4gqkF1bajbSmb1kwSxEA8AHlofqgcKJcM8udgieRNhaJ5Cg==",
        "dependencies": {
          "Microsoft.NETCore.Platforms": "1.1.0",
          "Microsoft.NETCore.Targets": "1.1.0",
          "System.Runtime": "4.3.0",
          "System.Text.Encoding": "4.3.0",
          "System.Threading.Tasks": "4.3.0"
        }
      },
      "System.IO.Pipelines": {
        "type": "Transitive",
        "resolved": "9.0.0",
        "contentHash": "eA3cinogwaNB4jdjQHOP3Z3EuyiDII7MT35jgtnsA4vkn0LUrrSHsU0nzHTzFzmaFYeKV7MYyMxOocFzsBHpTw=="
      },
      "System.Memory": {
        "type": "Transitive",
        "resolved": "4.5.4",
        "contentHash": "1MbJTHS1lZ4bS4FmsJjnuGJOu88ZzTT2rLvrhW7Ygic+pC0NWA+3hgAen0HRdsocuQXCkUTdFn9yHJJhsijDXw=="
      },
      "System.ObjectModel": {
        "type": "Transitive",
        "resolved": "4.3.0",
        "contentHash": "bdX+80eKv9bN6K4N+d77OankKHGn6CH711a6fcOpMQu2Fckp/Ft4L/kW9WznHpyR0NRAvJutzOMHNNlBGvxQzQ==",
        "dependencies": {
          "System.Collections": "4.3.0",
          "System.Diagnostics.Debug": "4.3.0",
          "System.Resources.ResourceManager": "4.3.0",
          "System.Runtime": "4.3.0",
          "System.Threading": "4.3.0"
        }
      },
      "System.Reflection": {
        "type": "Transitive",
        "resolved": "4.3.0",
        "contentHash": "KMiAFoW7MfJGa9nDFNcfu+FpEdiHpWgTcS2HdMpDvt9saK3y/G4GwprPyzqjFH9NTaGPQeWNHU+iDlDILj96aQ==",
        "dependencies": {
          "Microsoft.NETCore.Platforms": "1.1.0",
          "Microsoft.NETCore.Targets": "1.1.0",
          "System.IO": "4.3.0",
          "System.Reflection.Primitives": "4.3.0",
          "System.Runtime": "4.3.0"
        }
      },
      "System.Reflection.Primitives": {
        "type": "Transitive",
        "resolved": "4.3.0",
        "contentHash": "5RXItQz5As4xN2/YUDxdpsEkMhvw3e6aNveFXUn4Hl/udNTCNhnKp8lT9fnc3MhvGKh1baak5CovpuQUXHAlIA==",
        "dependencies": {
          "Microsoft.NETCore.Platforms": "1.1.0",
          "Microsoft.NETCore.Targets": "1.1.0",
          "System.Runtime": "4.3.0"
        }
      },
      "System.Resources.ResourceManager": {
        "type": "Transitive",
        "resolved": "4.3.0",
        "contentHash": "/zrcPkkWdZmI4F92gL/TPumP98AVDu/Wxr3CSJGQQ+XN6wbRZcyfSKVoPo17ilb3iOr0cCRqJInGwNMolqhS8A==",
        "dependencies": {
          "Microsoft.NETCore.Platforms": "1.1.0",
          "Microsoft.NETCore.Targets": "1.1.0",
          "System.Globalization": "4.3.0",
          "System.Reflection": "4.3.0",
          "System.Runtime": "4.3.0"
        }
      },
      "System.Runtime": {
        "type": "Transitive",
        "resolved": "4.3.0",
        "contentHash": "JufQi0vPQ0xGnAczR13AUFglDyVYt4Kqnz1AZaiKZ5+GICq0/1MH/mO/eAJHt/mHW1zjKBJd7kV26SrxddAhiw==",
        "dependencies": {
          "Microsoft.NETCore.Platforms": "1.1.0",
          "Microsoft.NETCore.Targets": "1.1.0"
        }
      },
      "System.Text.Encoding": {
        "type": "Transitive",
        "resolved": "4.3.0",
        "contentHash": "BiIg+KWaSDOITze6jGQynxg64naAPtqGHBwDrLaCtixsa5bKiR8dpPOHA7ge3C0JJQizJE+sfkz1wV+BAKAYZw==",
        "dependencies": {
          "Microsoft.NETCore.Platforms": "1.1.0",
          "Microsoft.NETCore.Targets": "1.1.0",
          "System.Runtime": "4.3.0"
        }
      },
      "System.Text.Encodings.Web": {
        "type": "Transitive",
        "resolved": "9.0.0",
        "contentHash": "e2hMgAErLbKyUUwt18qSBf9T5Y+SFAL3ZedM8fLupkVj8Rj2PZ9oxQ37XX2LF8fTO1wNIxvKpihD7Of7D/NxZw=="
      },
      "System.Text.Json": {
        "type": "Transitive",
        "resolved": "9.0.0",
        "contentHash": "js7+qAu/9mQvnhA4EfGMZNEzXtJCDxgkgj8ohuxq/Qxv+R56G+ljefhiJHOxTNiw54q8vmABCWUwkMulNdlZ4A==",
        "dependencies": {
          "System.IO.Pipelines": "9.0.0",
          "System.Text.Encodings.Web": "9.0.0"
        }
      },
      "System.Threading": {
        "type": "Transitive",
        "resolved": "4.3.0",
        "contentHash": "VkUS0kOBcUf3Wwm0TSbrevDDZ6BlM+b/HRiapRFWjM5O0NS0LviG0glKmFK+hhPDd1XFeSdU1GmlLhb2CoVpIw==",
        "dependencies": {
          "System.Runtime": "4.3.0",
          "System.Threading.Tasks": "4.3.0"
        }
      },
      "System.Threading.Tasks": {
        "type": "Transitive",
        "resolved": "4.3.0",
        "contentHash": "LbSxKEdOUhVe8BezB/9uOGGppt+nZf6e1VFyw6v3DN6lqitm0OSn2uXMOdtP0M3W4iMcqcivm2J6UgqiwwnXiA==",
        "dependencies": {
          "Microsoft.NETCore.Platforms": "1.1.0",
          "Microsoft.NETCore.Targets": "1.1.0",
          "System.Runtime": "4.3.0"
        }
      },
      "System.ValueTuple": {
        "type": "Transitive",
        "resolved": "4.5.0",
        "contentHash": "okurQJO6NRE/apDIP23ajJ0hpiNmJ+f0BwOlB/cSqTLQlw5upkf+5+96+iG2Jw40G1fCVCyPz/FhIABUjMR+RQ=="
      },
      "TestableIO.System.IO.Abstractions": {
        "type": "Transitive",
        "resolved": "21.2.8",
        "contentHash": "YCf4D/Jp9JDaCmrAvVOuQjNUc/vqE3jagvlkv1I4lX6fUZZMWjjuh2PXFBomLFvUbHCGXeC2RR8/7tGx7xDLYw=="
      },
      "TestableIO.System.IO.Abstractions.Wrappers": {
        "type": "Transitive",
        "resolved": "21.2.8",
        "contentHash": "hvB1myOVVJVCWz2z3IthtJv3R48k3HHZKQqisy6ZNBNz6s8ziJS7JAzCeBFmTyzTQjamELprKk6R9TLFzsCZ5Q==",
        "dependencies": {
          "TestableIO.System.IO.Abstractions": "21.2.8"
        }
      },
      "DynamicData": {
        "type": "CentralTransitive",
        "requested": "[9.0.4, )",
        "resolved": "8.4.1",
        "contentHash": "Mn1+fU/jqxgONEJq8KLQPGWEi7g/hUVTbjZyn4QM0sWWDAVOHPO9WjXWORSykwdfg/6S3GM15qsfz+2EvO+QAQ==",
        "dependencies": {
          "System.Reactive": "6.0.0"
        }
      },
      "Fody": {
        "type": "CentralTransitive",
        "requested": "[6.8.2, )",
        "resolved": "6.8.0",
        "contentHash": "hfZ/f8Mezt8aTkgv9nsvFdYoQ809/AqwsJlOGOPYIfBcG2aAIG3v3ex9d8ZqQuFYyMoucjRg4eKy3VleeGodKQ=="
      },
      "ReactiveUI": {
        "type": "CentralTransitive",
        "requested": "[20.1.63, )",
        "resolved": "20.1.1",
        "contentHash": "9hNPknWjijnaSWs6auypoXqUptPZcRpUypF+cf1zD50fgW+SEoQda502N3fVZ2eWPcaiUad+z6GaLwOWmUVHNw==",
        "dependencies": {
          "DynamicData": "8.4.1",
          "Splat": "15.1.1",
          "System.ComponentModel.Annotations": "5.0.0"
        }
      },
      "Splat": {
        "type": "CentralTransitive",
        "requested": "[15.2.22, )",
        "resolved": "15.1.1",
        "contentHash": "RHDTdF90FwVbRia2cmuIzkiVoETqnXSB2dDBBi/I35HWXqv4OKGqoMcfcd6obMvO2OmmY5PjU1M62K8LkJafAA=="
      },
      "System.Reactive": {
        "type": "CentralTransitive",
        "requested": "[6.0.1, )",
        "resolved": "6.0.1",
        "contentHash": "rHaWtKDwCi9qJ3ObKo8LHPMuuwv33YbmQi7TcUK1C264V3MFnOr5Im7QgCTdLniztP3GJyeiSg5x8NqYJFqRmg=="
      }
    }
  }
}